{
  "version": 4,
  "terraform_version": "1.3.6",
  "serial": 190,
  "lineage": "f0242394-f797-dddb-2c80-10bd917b3bf6",
  "outputs": {},
  "resources": [
    {
      "mode": "data",
      "type": "aws_iam_policy_document",
      "name": "logging",
      "provider": "provider[\"registry.terraform.io/hashicorp/aws\"]",
      "instances": [
        {
          "schema_version": 0,
          "attributes": {
            "id": "3000592600",
            "json": "{\n  \"Version\": \"2012-10-17\",\n  \"Statement\": [\n    {\n      \"Sid\": \"S3PolicyStmt-DO-NOT-MODIFY-1670552220168\",\n      \"Effect\": \"Allow\",\n      \"Action\": \"s3:PutObject\",\n      \"Resource\": \"arn:aws:s3:::accesslogs-www.ourbeautifulboy.com/*\",\n      \"Principal\": {\n        \"Service\": \"logging.s3.amazonaws.com\"\n      }\n    }\n  ]\n}",
            "override_json": null,
            "override_policy_documents": null,
            "policy_id": null,
            "source_json": null,
            "source_policy_documents": null,
            "statement": [
              {
                "actions": [
                  "s3:PutObject"
                ],
                "condition": [],
                "effect": "Allow",
                "not_actions": [],
                "not_principals": [],
                "not_resources": [],
                "principals": [
                  {
                    "identifiers": [
                      "logging.s3.amazonaws.com"
                    ],
                    "type": "Service"
                  }
                ],
                "resources": [
                  "arn:aws:s3:::accesslogs-www.ourbeautifulboy.com/*"
                ],
                "sid": "S3PolicyStmt-DO-NOT-MODIFY-1670552220168"
              }
            ],
            "version": "2012-10-17"
          },
          "sensitive_attributes": []
        }
      ]
    },
    {
      "mode": "data",
      "type": "aws_iam_policy_document",
      "name": "public",
      "provider": "provider[\"registry.terraform.io/hashicorp/aws\"]",
      "instances": [
        {
          "schema_version": 0,
          "attributes": {
            "id": "843398826",
            "json": "{\n  \"Version\": \"2012-10-17\",\n  \"Statement\": [\n    {\n      \"Sid\": \"AllowPublic\",\n      \"Effect\": \"Allow\",\n      \"Action\": \"s3:GetObject\",\n      \"Resource\": \"arn:aws:s3:::www.ourbeautifulboy.com/*\",\n      \"Principal\": {\n        \"AWS\": \"*\"\n      }\n    }\n  ]\n}",
            "override_json": null,
            "override_policy_documents": null,
            "policy_id": null,
            "source_json": null,
            "source_policy_documents": null,
            "statement": [
              {
                "actions": [
                  "s3:GetObject"
                ],
                "condition": [],
                "effect": "Allow",
                "not_actions": [],
                "not_principals": [],
                "not_resources": [],
                "principals": [
                  {
                    "identifiers": [
                      "*"
                    ],
                    "type": "AWS"
                  }
                ],
                "resources": [
                  "arn:aws:s3:::www.ourbeautifulboy.com/*"
                ],
                "sid": "AllowPublic"
              }
            ],
            "version": "2012-10-17"
          },
          "sensitive_attributes": []
        }
      ]
    },
    {
      "mode": "managed",
      "type": "aws_route53_record",
      "name": "www",
      "provider": "provider[\"registry.terraform.io/hashicorp/aws\"]",
      "instances": [
        {
          "schema_version": 2,
          "attributes": {
            "alias": [
              {
                "evaluate_target_health": true,
                "name": "www.ourbeautifulboy.com.s3-website.us-east-2.amazonaws.com",
                "zone_id": "Z2O1EMRO9K5GLX"
              }
            ],
            "allow_overwrite": null,
            "failover_routing_policy": [],
            "fqdn": "www.ourbeautifulboy.com",
            "geolocation_routing_policy": [],
            "health_check_id": "",
            "id": "Z09584953P9BSU8WPXMD3_www.ourbeautifulboy.com_A",
            "latency_routing_policy": [],
            "multivalue_answer_routing_policy": null,
            "name": "www.ourbeautifulboy.com",
            "records": [],
            "set_identifier": "",
            "ttl": 0,
            "type": "A",
            "weighted_routing_policy": [],
            "zone_id": "Z09584953P9BSU8WPXMD3"
          },
          "sensitive_attributes": [],
          "private": "eyJzY2hlbWFfdmVyc2lvbiI6IjIifQ==",
          "dependencies": [
            "aws_route53_zone.ourbeautifulboy-com",
            "aws_s3_bucket.www-ourbeautifulboy-com"
          ]
        }
      ]
    },
    {
      "mode": "managed",
      "type": "aws_route53_zone",
      "name": "ourbeautifulboy-com",
      "provider": "provider[\"registry.terraform.io/hashicorp/aws\"]",
      "instances": [
        {
          "schema_version": 0,
          "attributes": {
            "arn": "arn:aws:route53:::hostedzone/Z09584953P9BSU8WPXMD3",
            "comment": "Managed by Terraform",
            "delegation_set_id": "",
            "force_destroy": false,
            "id": "Z09584953P9BSU8WPXMD3",
            "name": "ourbeautifulboy.com",
            "name_servers": [
              "ns-1074.awsdns-06.org",
              "ns-1666.awsdns-16.co.uk",
              "ns-448.awsdns-56.com",
              "ns-699.awsdns-23.net"
            ],
            "primary_name_server": "ns-448.awsdns-56.com",
            "tags": {},
            "tags_all": {},
            "vpc": [],
            "zone_id": "Z09584953P9BSU8WPXMD3"
          },
          "sensitive_attributes": [],
          "private": "bnVsbA=="
        }
      ]
    },
    {
      "mode": "managed",
      "type": "aws_s3_bucket",
      "name": "accesslogs-www-ourbeautifulboy-com",
      "provider": "provider[\"registry.terraform.io/hashicorp/aws\"]",
      "instances": [
        {
          "schema_version": 0,
          "attributes": {
            "acceleration_status": "",
            "acl": null,
            "arn": "arn:aws:s3:::accesslogs-www.ourbeautifulboy.com",
            "bucket": "accesslogs-www.ourbeautifulboy.com",
            "bucket_domain_name": "accesslogs-www.ourbeautifulboy.com.s3.amazonaws.com",
            "bucket_prefix": null,
            "bucket_regional_domain_name": "accesslogs-www.ourbeautifulboy.com.s3.us-east-2.amazonaws.com",
            "cors_rule": [],
            "force_destroy": false,
            "grant": [
              {
                "id": "419979abbce9ca99636ac722cbbdc160ad8755980f59a174f7625831e8c626ea",
                "permissions": [
                  "FULL_CONTROL"
                ],
                "type": "CanonicalUser",
                "uri": ""
              }
            ],
            "hosted_zone_id": "Z2O1EMRO9K5GLX",
            "id": "accesslogs-www.ourbeautifulboy.com",
            "lifecycle_rule": [],
            "logging": [],
            "object_lock_configuration": [],
            "object_lock_enabled": false,
            "policy": "{\"Version\":\"2012-10-17\",\"Statement\":[{\"Sid\":\"S3PolicyStmt-DO-NOT-MODIFY-1670552220168\",\"Effect\":\"Allow\",\"Principal\":{\"Service\":\"logging.s3.amazonaws.com\"},\"Action\":\"s3:PutObject\",\"Resource\":\"arn:aws:s3:::accesslogs-www.ourbeautifulboy.com/*\"}]}",
            "region": "us-east-2",
            "replication_configuration": [],
            "request_payer": "BucketOwner",
            "server_side_encryption_configuration": [],
            "tags": {},
            "tags_all": {},
            "timeouts": null,
            "versioning": [
              {
                "enabled": false,
                "mfa_delete": false
              }
            ],
            "website": [],
            "website_domain": null,
            "website_endpoint": null
          },
          "sensitive_attributes": [],
          "private": "eyJlMmJmYjczMC1lY2FhLTExZTYtOGY4OC0zNDM2M2JjN2M0YzAiOnsiY3JlYXRlIjoxMjAwMDAwMDAwMDAwLCJkZWxldGUiOjM2MDAwMDAwMDAwMDAsInJlYWQiOjEyMDAwMDAwMDAwMDAsInVwZGF0ZSI6MTIwMDAwMDAwMDAwMH19"
        }
      ]
    },
    {
      "mode": "managed",
      "type": "aws_s3_bucket",
      "name": "www-ourbeautifulboy-com",
      "provider": "provider[\"registry.terraform.io/hashicorp/aws\"]",
      "instances": [
        {
          "schema_version": 0,
          "attributes": {
            "acceleration_status": "",
            "acl": null,
            "arn": "arn:aws:s3:::www.ourbeautifulboy.com",
            "bucket": "www.ourbeautifulboy.com",
            "bucket_domain_name": "www.ourbeautifulboy.com.s3.amazonaws.com",
            "bucket_prefix": null,
            "bucket_regional_domain_name": "www.ourbeautifulboy.com.s3.us-east-2.amazonaws.com",
            "cors_rule": [],
            "force_destroy": null,
            "grant": [
              {
                "id": "",
                "permissions": [
                  "READ"
                ],
                "type": "Group",
                "uri": "http://acs.amazonaws.com/groups/global/AllUsers"
              },
              {
                "id": "419979abbce9ca99636ac722cbbdc160ad8755980f59a174f7625831e8c626ea",
                "permissions": [
                  "FULL_CONTROL"
                ],
                "type": "CanonicalUser",
                "uri": ""
              }
            ],
            "hosted_zone_id": "Z2O1EMRO9K5GLX",
            "id": "www.ourbeautifulboy.com",
            "lifecycle_rule": [],
            "logging": [
              {
                "target_bucket": "accesslogs-www.ourbeautifulboy.com",
                "target_prefix": ""
              }
            ],
            "object_lock_configuration": [],
            "object_lock_enabled": false,
            "policy": "{\"Version\":\"2012-10-17\",\"Statement\":[{\"Sid\":\"AllowPublic\",\"Effect\":\"Allow\",\"Principal\":{\"AWS\":\"*\"},\"Action\":\"s3:GetObject\",\"Resource\":\"arn:aws:s3:::www.ourbeautifulboy.com/*\"}]}",
            "region": "us-east-2",
            "replication_configuration": [],
            "request_payer": "BucketOwner",
            "server_side_encryption_configuration": [
              {
                "rule": [
                  {
                    "apply_server_side_encryption_by_default": [
                      {
                        "kms_master_key_id": "",
                        "sse_algorithm": "AES256"
                      }
                    ],
                    "bucket_key_enabled": false
                  }
                ]
              }
            ],
            "tags": {},
            "tags_all": {},
            "timeouts": {
              "create": null,
              "delete": null,
              "read": null,
              "update": null
            },
            "versioning": [
              {
                "enabled": false,
                "mfa_delete": false
              }
            ],
            "website": [
              {
                "error_document": "index.html",
                "index_document": "index.html",
                "redirect_all_requests_to": "",
                "routing_rules": ""
              }
            ],
            "website_domain": "s3-website.us-east-2.amazonaws.com",
            "website_endpoint": "www.ourbeautifulboy.com.s3-website.us-east-2.amazonaws.com"
          },
          "sensitive_attributes": [],
          "private": "eyJlMmJmYjczMC1lY2FhLTExZTYtOGY4OC0zNDM2M2JjN2M0YzAiOnsiY3JlYXRlIjoxMjAwMDAwMDAwMDAwLCJkZWxldGUiOjM2MDAwMDAwMDAwMDAsInJlYWQiOjEyMDAwMDAwMDAwMDAsInVwZGF0ZSI6MTIwMDAwMDAwMDAwMH0sInNjaGVtYV92ZXJzaW9uIjoiMCJ9"
        }
      ]
    },
    {
      "mode": "managed",
      "type": "aws_s3_bucket_acl",
      "name": "www-ourbeautifulboy-com_acl",
      "provider": "provider[\"registry.terraform.io/hashicorp/aws\"]",
      "instances": [
        {
          "schema_version": 0,
          "attributes": {
            "access_control_policy": [
              {
                "grant": [
                  {
                    "grantee": [
                      {
                        "display_name": "",
                        "email_address": "",
                        "id": "",
                        "type": "Group",
                        "uri": "http://acs.amazonaws.com/groups/global/AllUsers"
                      }
                    ],
                    "permission": "READ"
                  },
                  {
                    "grantee": [
                      {
                        "display_name": "",
                        "email_address": "",
                        "id": "419979abbce9ca99636ac722cbbdc160ad8755980f59a174f7625831e8c626ea",
                        "type": "CanonicalUser",
                        "uri": ""
                      }
                    ],
                    "permission": "FULL_CONTROL"
                  }
                ],
                "owner": [
                  {
                    "display_name": "",
                    "id": "419979abbce9ca99636ac722cbbdc160ad8755980f59a174f7625831e8c626ea"
                  }
                ]
              }
            ],
            "acl": "public-read",
            "bucket": "www.ourbeautifulboy.com",
            "expected_bucket_owner": "",
            "id": "www.ourbeautifulboy.com,public-read"
          },
          "sensitive_attributes": [],
          "private": "bnVsbA==",
          "dependencies": [
            "aws_s3_bucket.www-ourbeautifulboy-com"
          ]
        }
      ]
    },
    {
      "mode": "managed",
      "type": "aws_s3_bucket_logging",
      "name": "www-ourbeautifulboy-com_accesslogs",
      "provider": "provider[\"registry.terraform.io/hashicorp/aws\"]",
      "instances": [
        {
          "schema_version": 0,
          "attributes": {
            "bucket": "www.ourbeautifulboy.com",
            "expected_bucket_owner": "",
            "id": "www.ourbeautifulboy.com",
            "target_bucket": "accesslogs-www.ourbeautifulboy.com",
            "target_grant": [],
            "target_prefix": ""
          },
          "sensitive_attributes": [],
          "private": "bnVsbA==",
          "dependencies": [
            "aws_s3_bucket.accesslogs-www-ourbeautifulboy-com",
            "aws_s3_bucket.www-ourbeautifulboy-com"
          ]
        }
      ]
    },
    {
      "mode": "managed",
      "type": "aws_s3_bucket_policy",
      "name": "accesslogs-www-ourbeautifulboy-com_policy",
      "provider": "provider[\"registry.terraform.io/hashicorp/aws\"]",
      "instances": [
        {
          "schema_version": 0,
          "attributes": {
            "bucket": "accesslogs-www.ourbeautifulboy.com",
            "id": "accesslogs-www.ourbeautifulboy.com",
            "policy": "{\"Statement\":[{\"Action\":\"s3:PutObject\",\"Effect\":\"Allow\",\"Principal\":{\"Service\":\"logging.s3.amazonaws.com\"},\"Resource\":\"arn:aws:s3:::accesslogs-www.ourbeautifulboy.com/*\",\"Sid\":\"S3PolicyStmt-DO-NOT-MODIFY-1670552220168\"}],\"Version\":\"2012-10-17\"}"
          },
          "sensitive_attributes": [],
          "private": "bnVsbA==",
          "dependencies": [
            "aws_s3_bucket.accesslogs-www-ourbeautifulboy-com",
            "data.aws_iam_policy_document.logging"
          ]
        }
      ]
    },
    {
      "mode": "managed",
      "type": "aws_s3_bucket_policy",
      "name": "www-ourbeautifulboy-com_policy",
      "provider": "provider[\"registry.terraform.io/hashicorp/aws\"]",
      "instances": [
        {
          "schema_version": 0,
          "attributes": {
            "bucket": "www.ourbeautifulboy.com",
            "id": "www.ourbeautifulboy.com",
            "policy": "{\"Statement\":[{\"Action\":\"s3:GetObject\",\"Effect\":\"Allow\",\"Principal\":{\"AWS\":\"*\"},\"Resource\":\"arn:aws:s3:::www.ourbeautifulboy.com/*\",\"Sid\":\"AllowPublic\"}],\"Version\":\"2012-10-17\"}"
          },
          "sensitive_attributes": [],
          "private": "bnVsbA==",
          "dependencies": [
            "aws_s3_bucket.www-ourbeautifulboy-com",
            "data.aws_iam_policy_document.public"
          ]
        }
      ]
    },
    {
      "mode": "managed",
      "type": "aws_s3_bucket_public_access_block",
      "name": "accesslogs-www-ourbeautifulboy-com_block",
      "provider": "provider[\"registry.terraform.io/hashicorp/aws\"]",
      "instances": [
        {
          "schema_version": 0,
          "attributes": {
            "block_public_acls": true,
            "block_public_policy": true,
            "bucket": "accesslogs-www.ourbeautifulboy.com",
            "id": "accesslogs-www.ourbeautifulboy.com",
            "ignore_public_acls": true,
            "restrict_public_buckets": true
          },
          "sensitive_attributes": [],
          "private": "bnVsbA==",
          "dependencies": [
            "aws_s3_bucket.accesslogs-www-ourbeautifulboy-com"
          ]
        }
      ]
    },
    {
      "mode": "managed",
      "type": "aws_s3_bucket_public_access_block",
      "name": "www-ourbeautifulboy-com_block",
      "provider": "provider[\"registry.terraform.io/hashicorp/aws\"]",
      "instances": [
        {
          "schema_version": 0,
          "attributes": {
            "block_public_acls": false,
            "block_public_policy": false,
            "bucket": "www.ourbeautifulboy.com",
            "id": "www.ourbeautifulboy.com",
            "ignore_public_acls": false,
            "restrict_public_buckets": false
          },
          "sensitive_attributes": [],
          "private": "bnVsbA==",
          "dependencies": [
            "aws_s3_bucket.www-ourbeautifulboy-com"
          ]
        }
      ]
    },
    {
      "mode": "managed",
      "type": "aws_s3_bucket_website_configuration",
      "name": "www-ourbeautifulboy-com-website",
      "provider": "provider[\"registry.terraform.io/hashicorp/aws\"]",
      "instances": [
        {
          "schema_version": 0,
          "attributes": {
            "bucket": "www.ourbeautifulboy.com",
            "error_document": [
              {
                "key": "index.html"
              }
            ],
            "expected_bucket_owner": "",
            "id": "www.ourbeautifulboy.com",
            "index_document": [
              {
                "suffix": "index.html"
              }
            ],
            "redirect_all_requests_to": [],
            "routing_rule": [],
            "routing_rules": "",
            "website_domain": "s3-website.us-east-2.amazonaws.com",
            "website_endpoint": "www.ourbeautifulboy.com.s3-website.us-east-2.amazonaws.com"
          },
          "sensitive_attributes": [],
          "private": "bnVsbA==",
          "dependencies": [
            "aws_s3_bucket.www-ourbeautifulboy-com"
          ]
        }
      ]
    },
    {
      "mode": "managed",
      "type": "aws_s3_object",
      "name": "www-ourbeautifulboy-com_content",
      "provider": "provider[\"registry.terraform.io/hashicorp/aws\"]",
      "instances": [
        {
          "index_key": "DadasLittleComputerHacker.html",
          "schema_version": 0,
          "attributes": {
            "acl": "public-read",
            "bucket": "www.ourbeautifulboy.com",
            "bucket_key_enabled": false,
            "cache_control": "",
            "content": null,
            "content_base64": null,
            "content_disposition": "",
            "content_encoding": "",
            "content_language": "",
            "content_type": "text/html; charset=utf-8",
            "etag": "5e45ade065971e2f40e469d2d76e7f65",
            "force_destroy": false,
            "id": "DadasLittleComputerHacker.html",
            "key": "DadasLittleComputerHacker.html",
            "kms_key_id": null,
            "metadata": {},
            "object_lock_legal_hold_status": "",
            "object_lock_mode": "",
            "object_lock_retain_until_date": "",
            "server_side_encryption": "AES256",
            "source": "./content/www.ourbeautifulboy.com//DadasLittleComputerHacker.html",
            "source_hash": null,
            "storage_class": "STANDARD",
            "tags": {},
            "tags_all": {},
            "version_id": "",
            "website_redirect": ""
          },
          "sensitive_attributes": [],
          "private": "bnVsbA==",
          "dependencies": [
            "aws_s3_bucket.www-ourbeautifulboy-com"
          ]
        },
        {
          "index_key": "DadasLittleDude.html",
          "schema_version": 0,
          "attributes": {
            "acl": "public-read",
            "bucket": "www.ourbeautifulboy.com",
            "bucket_key_enabled": false,
            "cache_control": "",
            "content": null,
            "content_base64": null,
            "content_disposition": "",
            "content_encoding": "",
            "content_language": "",
            "content_type": "text/html; charset=utf-8",
            "etag": "1d99e53fde5c17f2a83effd32d679c2a",
            "force_destroy": false,
            "id": "DadasLittleDude.html",
            "key": "DadasLittleDude.html",
            "kms_key_id": null,
            "metadata": {},
            "object_lock_legal_hold_status": "",
            "object_lock_mode": "",
            "object_lock_retain_until_date": "",
            "server_side_encryption": "AES256",
            "source": "./content/www.ourbeautifulboy.com//DadasLittleDude.html",
            "source_hash": null,
            "storage_class": "STANDARD",
            "tags": {},
            "tags_all": {},
            "version_id": "",
            "website_redirect": ""
          },
          "sensitive_attributes": [],
          "private": "bnVsbA==",
          "dependencies": [
            "aws_s3_bucket.www-ourbeautifulboy-com"
          ]
        },
        {
          "index_key": "GrammyandGrampyKarpfLoveJoey.html",
          "schema_version": 0,
          "attributes": {
            "acl": "public-read",
            "bucket": "www.ourbeautifulboy.com",
            "bucket_key_enabled": false,
            "cache_control": "",
            "content": null,
            "content_base64": null,
            "content_disposition": "",
            "content_encoding": "",
            "content_language": "",
            "content_type": "text/html; charset=utf-8",
            "etag": "83990e08cc775a46a51ba6c405fd84e0",
            "force_destroy": false,
            "id": "GrammyandGrampyKarpfLoveJoey.html",
            "key": "GrammyandGrampyKarpfLoveJoey.html",
            "kms_key_id": null,
            "metadata": {},
            "object_lock_legal_hold_status": "",
            "object_lock_mode": "",
            "object_lock_retain_until_date": "",
            "server_side_encryption": "AES256",
            "source": "./content/www.ourbeautifulboy.com//GrammyandGrampyKarpfLoveJoey.html",
            "source_hash": null,
            "storage_class": "STANDARD",
            "tags": {},
            "tags_all": {},
            "version_id": "",
            "website_redirect": ""
          },
          "sensitive_attributes": [],
          "private": "bnVsbA==",
          "dependencies": [
            "aws_s3_bucket.www-ourbeautifulboy-com"
          ]
        },
        {
          "index_key": "JoeyMeetsGigi.html",
          "schema_version": 0,
          "attributes": {
            "acl": "public-read",
            "bucket": "www.ourbeautifulboy.com",
            "bucket_key_enabled": false,
            "cache_control": "",
            "content": null,
            "content_base64": null,
            "content_disposition": "",
            "content_encoding": "",
            "content_language": "",
            "content_type": "text/html; charset=utf-8",
            "etag": "14f3abec4a977858c5f6e35ffa4b3133",
            "force_destroy": false,
            "id": "JoeyMeetsGigi.html",
            "key": "JoeyMeetsGigi.html",
            "kms_key_id": null,
            "metadata": {},
            "object_lock_legal_hold_status": "",
            "object_lock_mode": "",
            "object_lock_retain_until_date": "",
            "server_side_encryption": "AES256",
            "source": "./content/www.ourbeautifulboy.com//JoeyMeetsGigi.html",
            "source_hash": null,
            "storage_class": "STANDARD",
            "tags": {},
            "tags_all": {},
            "version_id": "",
            "website_redirect": ""
          },
          "sensitive_attributes": [],
          "private": "bnVsbA==",
          "dependencies": [
            "aws_s3_bucket.www-ourbeautifulboy-com"
          ]
        },
        {
          "index_key": "JoeysPumpkinPatch2015.html",
          "schema_version": 0,
          "attributes": {
            "acl": "public-read",
            "bucket": "www.ourbeautifulboy.com",
            "bucket_key_enabled": false,
            "cache_control": "",
            "content": null,
            "content_base64": null,
            "content_disposition": "",
            "content_encoding": "",
            "content_language": "",
            "content_type": "text/html; charset=utf-8",
            "etag": "0255116a7f9a8d37a0c347b4a8d5b71f",
            "force_destroy": false,
            "id": "JoeysPumpkinPatch2015.html",
            "key": "JoeysPumpkinPatch2015.html",
            "kms_key_id": null,
            "metadata": {},
            "object_lock_legal_hold_status": "",
            "object_lock_mode": "",
            "object_lock_retain_until_date": "",
            "server_side_encryption": "AES256",
            "source": "./content/www.ourbeautifulboy.com//JoeysPumpkinPatch2015.html",
            "source_hash": null,
            "storage_class": "STANDARD",
            "tags": {},
            "tags_all": {},
            "version_id": "",
            "website_redirect": ""
          },
          "sensitive_attributes": [],
          "private": "bnVsbA==",
          "dependencies": [
            "aws_s3_bucket.www-ourbeautifulboy-com"
          ]
        },
        {
          "index_key": "JoeysPumpkinPatch2016.html",
          "schema_version": 0,
          "attributes": {
            "acl": "public-read",
            "bucket": "www.ourbeautifulboy.com",
            "bucket_key_enabled": false,
            "cache_control": "",
            "content": null,
            "content_base64": null,
            "content_disposition": "",
            "content_encoding": "",
            "content_language": "",
            "content_type": "text/html; charset=utf-8",
            "etag": "4c65a50596273fd0038d7c5660831a2b",
            "force_destroy": false,
            "id": "JoeysPumpkinPatch2016.html",
            "key": "JoeysPumpkinPatch2016.html",
            "kms_key_id": null,
            "metadata": {},
            "object_lock_legal_hold_status": "",
            "object_lock_mode": "",
            "object_lock_retain_until_date": "",
            "server_side_encryption": "AES256",
            "source": "./content/www.ourbeautifulboy.com//JoeysPumpkinPatch2016.html",
            "source_hash": null,
            "storage_class": "STANDARD",
            "tags": {},
            "tags_all": {},
            "version_id": "",
            "website_redirect": ""
          },
          "sensitive_attributes": [],
          "private": "bnVsbA==",
          "dependencies": [
            "aws_s3_bucket.www-ourbeautifulboy-com"
          ]
        },
        {
          "index_key": "Joeytheanimallover.html",
          "schema_version": 0,
          "attributes": {
            "acl": "public-read",
            "bucket": "www.ourbeautifulboy.com",
            "bucket_key_enabled": false,
            "cache_control": "",
            "content": null,
            "content_base64": null,
            "content_disposition": "",
            "content_encoding": "",
            "content_language": "",
            "content_type": "text/html; charset=utf-8",
            "etag": "f5c2aee770aabd639c212604d24894ca",
            "force_destroy": false,
            "id": "Joeytheanimallover.html",
            "key": "Joeytheanimallover.html",
            "kms_key_id": null,
            "metadata": {},
            "object_lock_legal_hold_status": "",
            "object_lock_mode": "",
            "object_lock_retain_until_date": "",
            "server_side_encryption": "AES256",
            "source": "./content/www.ourbeautifulboy.com//Joeytheanimallover.html",
            "source_hash": null,
            "storage_class": "STANDARD",
            "tags": {},
            "tags_all": {},
            "version_id": "",
            "website_redirect": ""
          },
          "sensitive_attributes": [],
          "private": "bnVsbA==",
          "dependencies": [
            "aws_s3_bucket.www-ourbeautifulboy-com"
          ]
        },
        {
          "index_key": "MamasFavorites.html",
          "schema_version": 0,
          "attributes": {
            "acl": "public-read",
            "bucket": "www.ourbeautifulboy.com",
            "bucket_key_enabled": false,
            "cache_control": "",
            "content": null,
            "content_base64": null,
            "content_disposition": "",
            "content_encoding": "",
            "content_language": "",
            "content_type": "text/html; charset=utf-8",
            "etag": "9b0ed07bdeb477f28c3fb26d71ed1ca3",
            "force_destroy": false,
            "id": "MamasFavorites.html",
            "key": "MamasFavorites.html",
            "kms_key_id": null,
            "metadata": {},
            "object_lock_legal_hold_status": "",
            "object_lock_mode": "",
            "object_lock_retain_until_date": "",
            "server_side_encryption": "AES256",
            "source": "./content/www.ourbeautifulboy.com//MamasFavorites.html",
            "source_hash": null,
            "storage_class": "STANDARD",
            "tags": {},
            "tags_all": {},
            "version_id": "",
            "website_redirect": ""
          },
          "sensitive_attributes": [],
          "private": "bnVsbA==",
          "dependencies": [
            "aws_s3_bucket.www-ourbeautifulboy-com"
          ]
        },
        {
          "index_key": "NapTime.html",
          "schema_version": 0,
          "attributes": {
            "acl": "public-read",
            "bucket": "www.ourbeautifulboy.com",
            "bucket_key_enabled": false,
            "cache_control": "",
            "content": null,
            "content_base64": null,
            "content_disposition": "",
            "content_encoding": "",
            "content_language": "",
            "content_type": "text/html; charset=utf-8",
            "etag": "b8e853e20254a66a36eea2e09a98d45d",
            "force_destroy": false,
            "id": "NapTime.html",
            "key": "NapTime.html",
            "kms_key_id": null,
            "metadata": {},
            "object_lock_legal_hold_status": "",
            "object_lock_mode": "",
            "object_lock_retain_until_date": "",
            "server_side_encryption": "AES256",
            "source": "./content/www.ourbeautifulboy.com//NapTime.html",
            "source_hash": null,
            "storage_class": "STANDARD",
            "tags": {},
            "tags_all": {},
            "version_id": "",
            "website_redirect": ""
          },
          "sensitive_attributes": [],
          "private": "bnVsbA==",
          "dependencies": [
            "aws_s3_bucket.www-ourbeautifulboy-com"
          ]
        },
        {
          "index_key": "NewBorn.html",
          "schema_version": 0,
          "attributes": {
            "acl": "public-read",
            "bucket": "www.ourbeautifulboy.com",
            "bucket_key_enabled": false,
            "cache_control": "",
            "content": null,
            "content_base64": null,
            "content_disposition": "",
            "content_encoding": "",
            "content_language": "",
            "content_type": "text/html; charset=utf-8",
            "etag": "26852f046d92912a1653c171428a980b",
            "force_destroy": false,
            "id": "NewBorn.html",
            "key": "NewBorn.html",
            "kms_key_id": null,
            "metadata": {},
            "object_lock_legal_hold_status": "",
            "object_lock_mode": "",
            "object_lock_retain_until_date": "",
            "server_side_encryption": "AES256",
            "source": "./content/www.ourbeautifulboy.com//NewBorn.html",
            "source_hash": null,
            "storage_class": "STANDARD",
            "tags": {},
            "tags_all": {},
            "version_id": "",
            "website_redirect": ""
          },
          "sensitive_attributes": [],
          "private": "bnVsbA==",
          "dependencies": [
            "aws_s3_bucket.www-ourbeautifulboy-com"
          ]
        },
        {
          "index_key": "PlayTime.html",
          "schema_version": 0,
          "attributes": {
            "acl": "public-read",
            "bucket": "www.ourbeautifulboy.com",
            "bucket_key_enabled": false,
            "cache_control": "",
            "content": null,
            "content_base64": null,
            "content_disposition": "",
            "content_encoding": "",
            "content_language": "",
            "content_type": "text/html; charset=utf-8",
            "etag": "9c8814be6b4aa5a6cf0f828931ad391d",
            "force_destroy": false,
            "id": "PlayTime.html",
            "key": "PlayTime.html",
            "kms_key_id": null,
            "metadata": {},
            "object_lock_legal_hold_status": "",
            "object_lock_mode": "",
            "object_lock_retain_until_date": "",
            "server_side_encryption": "AES256",
            "source": "./content/www.ourbeautifulboy.com//PlayTime.html",
            "source_hash": null,
            "storage_class": "STANDARD",
            "tags": {},
            "tags_all": {},
            "version_id": "",
            "website_redirect": ""
          },
          "sensitive_attributes": [],
          "private": "bnVsbA==",
          "dependencies": [
            "aws_s3_bucket.www-ourbeautifulboy-com"
          ]
        },
        {
          "index_key": "SiblingLove.html",
          "schema_version": 0,
          "attributes": {
            "acl": "public-read",
            "bucket": "www.ourbeautifulboy.com",
            "bucket_key_enabled": false,
            "cache_control": "",
            "content": null,
            "content_base64": null,
            "content_disposition": "",
            "content_encoding": "",
            "content_language": "",
            "content_type": "text/html; charset=utf-8",
            "etag": "7c65ad09442e5df3455c7e6e693f806d",
            "force_destroy": false,
            "id": "SiblingLove.html",
            "key": "SiblingLove.html",
            "kms_key_id": null,
            "metadata": {},
            "object_lock_legal_hold_status": "",
            "object_lock_mode": "",
            "object_lock_retain_until_date": "",
            "server_side_encryption": "AES256",
            "source": "./content/www.ourbeautifulboy.com//SiblingLove.html",
            "source_hash": null,
            "storage_class": "STANDARD",
            "tags": {},
            "tags_all": {},
            "version_id": "",
            "website_redirect": ""
          },
          "sensitive_attributes": [],
          "private": "bnVsbA==",
          "dependencies": [
            "aws_s3_bucket.www-ourbeautifulboy-com"
          ]
        },
        {
          "index_key": "assets/images/1000138-10201360634364024-1310292676-n-960x720.jpg",
          "schema_version": 0,
          "attributes": {
            "acl": "public-read",
            "bucket": "www.ourbeautifulboy.com",
            "bucket_key_enabled": false,
            "cache_control": "",
            "content": null,
            "content_base64": null,
            "content_disposition": "",
            "content_encoding": "",
            "content_language": "",
            "content_type": "image/jpeg",
            "etag": "b04af53a0569d61abd07df2488245668",
            "force_destroy": false,
            "id": "assets/images/1000138-10201360634364024-1310292676-n-960x720.jpg",
            "key": "assets/images/1000138-10201360634364024-1310292676-n-960x720.jpg",
            "kms_key_id": null,
            "metadata": {},
            "object_lock_legal_hold_status": "",
            "object_lock_mode": "",
            "object_lock_retain_until_date": "",
            "server_side_encryption": "AES256",
            "source": "./content/www.ourbeautifulboy.com//assets/images/1000138-10201360634364024-1310292676-n-960x720.jpg",
            "source_hash": null,
            "storage_class": "STANDARD",
            "tags": {},
            "tags_all": {},
            "version_id": "",
            "website_redirect": ""
          },
          "sensitive_attributes": [],
          "private": "bnVsbA==",
          "dependencies": [
            "aws_s3_bucket.www-ourbeautifulboy-com"
          ]
        },
        {
          "index_key": "assets/images/1000145-10201313519106172-267511723-n-720x960.jpg",
          "schema_version": 0,
          "attributes": {
            "acl": "public-read",
            "bucket": "www.ourbeautifulboy.com",
            "bucket_key_enabled": false,
            "cache_control": "",
            "content": null,
            "content_base64": null,
            "content_disposition": "",
            "content_encoding": "",
            "content_language": "",
            "content_type": "image/jpeg",
            "etag": "bcc937b602c0a0f4747fb575cb5454ad",
            "force_destroy": false,
            "id": "assets/images/1000145-10201313519106172-267511723-n-720x960.jpg",
            "key": "assets/images/1000145-10201313519106172-267511723-n-720x960.jpg",
            "kms_key_id": null,
            "metadata": {},
            "object_lock_legal_hold_status": "",
            "object_lock_mode": "",
            "object_lock_retain_until_date": "",
            "server_side_encryption": "AES256",
            "source": "./content/www.ourbeautifulboy.com//assets/images/1000145-10201313519106172-267511723-n-720x960.jpg",
            "source_hash": null,
            "storage_class": "STANDARD",
            "tags": {},
            "tags_all": {},
            "version_id": "",
            "website_redirect": ""
          },
          "sensitive_attributes": [],
          "private": "bnVsbA==",
          "dependencies": [
            "aws_s3_bucket.www-ourbeautifulboy-com"
          ]
        },
        {
          "index_key": "assets/images/1001451-10151498178425749-1886700342-n-612x612.jpg",
          "schema_version": 0,
          "attributes": {
            "acl": "public-read",
            "bucket": "www.ourbeautifulboy.com",
            "bucket_key_enabled": false,
            "cache_control": "",
            "content": null,
            "content_base64": null,
            "content_disposition": "",
            "content_encoding": "",
            "content_language": "",
            "content_type": "image/jpeg",
            "etag": "a2117ecb52564a2ee3000e4682c56638",
            "force_destroy": false,
            "id": "assets/images/1001451-10151498178425749-1886700342-n-612x612.jpg",
            "key": "assets/images/1001451-10151498178425749-1886700342-n-612x612.jpg",
            "kms_key_id": null,
            "metadata": {},
            "object_lock_legal_hold_status": "",
            "object_lock_mode": "",
            "object_lock_retain_until_date": "",
            "server_side_encryption": "AES256",
            "source": "./content/www.ourbeautifulboy.com//assets/images/1001451-10151498178425749-1886700342-n-612x612.jpg",
            "source_hash": null,
            "storage_class": "STANDARD",
            "tags": {},
            "tags_all": {},
            "version_id": "",
            "website_redirect": ""
          },
          "sensitive_attributes": [],
          "private": "bnVsbA==",
          "dependencies": [
            "aws_s3_bucket.www-ourbeautifulboy-com"
          ]
        },
        {
          "index_key": "assets/images/1002418-10201183817983725-536123345-n-720x960.jpg",
          "schema_version": 0,
          "attributes": {
            "acl": "public-read",
            "bucket": "www.ourbeautifulboy.com",
            "bucket_key_enabled": false,
            "cache_control": "",
            "content": null,
            "content_base64": null,
            "content_disposition": "",
            "content_encoding": "",
            "content_language": "",
            "content_type": "image/jpeg",
            "etag": "361aad34345511235553cd746d5c826b",
            "force_destroy": false,
            "id": "assets/images/1002418-10201183817983725-536123345-n-720x960.jpg",
            "key": "assets/images/1002418-10201183817983725-536123345-n-720x960.jpg",
            "kms_key_id": null,
            "metadata": {},
            "object_lock_legal_hold_status": "",
            "object_lock_mode": "",
            "object_lock_retain_until_date": "",
            "server_side_encryption": "AES256",
            "source": "./content/www.ourbeautifulboy.com//assets/images/1002418-10201183817983725-536123345-n-720x960.jpg",
            "source_hash": null,
            "storage_class": "STANDARD",
            "tags": {},
            "tags_all": {},
            "version_id": "",
            "website_redirect": ""
          },
          "sensitive_attributes": [],
          "private": "bnVsbA==",
          "dependencies": [
            "aws_s3_bucket.www-ourbeautifulboy-com"
          ]
        },
        {
          "index_key": "assets/images/1011386-10201213972257563-871059995-n-960x720.jpg",
          "schema_version": 0,
          "attributes": {
            "acl": "public-read",
            "bucket": "www.ourbeautifulboy.com",
            "bucket_key_enabled": false,
            "cache_control": "",
            "content": null,
            "content_base64": null,
            "content_disposition": "",
            "content_encoding": "",
            "content_language": "",
            "content_type": "image/jpeg",
            "etag": "e2c7ce290721097e9aa1114ab38f01a0",
            "force_destroy": false,
            "id": "assets/images/1011386-10201213972257563-871059995-n-960x720.jpg",
            "key": "assets/images/1011386-10201213972257563-871059995-n-960x720.jpg",
            "kms_key_id": null,
            "metadata": {},
            "object_lock_legal_hold_status": "",
            "object_lock_mode": "",
            "object_lock_retain_until_date": "",
            "server_side_encryption": "AES256",
            "source": "./content/www.ourbeautifulboy.com//assets/images/1011386-10201213972257563-871059995-n-960x720.jpg",
            "source_hash": null,
            "storage_class": "STANDARD",
            "tags": {},
            "tags_all": {},
            "version_id": "",
            "website_redirect": ""
          },
          "sensitive_attributes": [],
          "private": "bnVsbA==",
          "dependencies": [
            "aws_s3_bucket.www-ourbeautifulboy-com"
          ]
        },
        {
          "index_key": "assets/images/1013817-10151517860250749-1875259444-n-612x612.jpg",
          "schema_version": 0,
          "attributes": {
            "acl": "public-read",
            "bucket": "www.ourbeautifulboy.com",
            "bucket_key_enabled": false,
            "cache_control": "",
            "content": null,
            "content_base64": null,
            "content_disposition": "",
            "content_encoding": "",
            "content_language": "",
            "content_type": "image/jpeg",
            "etag": "3825899a695d10f5d6c38626d5bc26aa",
            "force_destroy": false,
            "id": "assets/images/1013817-10151517860250749-1875259444-n-612x612.jpg",
            "key": "assets/images/1013817-10151517860250749-1875259444-n-612x612.jpg",
            "kms_key_id": null,
            "metadata": {},
            "object_lock_legal_hold_status": "",
            "object_lock_mode": "",
            "object_lock_retain_until_date": "",
            "server_side_encryption": "AES256",
            "source": "./content/www.ourbeautifulboy.com//assets/images/1013817-10151517860250749-1875259444-n-612x612.jpg",
            "source_hash": null,
            "storage_class": "STANDARD",
            "tags": {},
            "tags_all": {},
            "version_id": "",
            "website_redirect": ""
          },
          "sensitive_attributes": [],
          "private": "bnVsbA==",
          "dependencies": [
            "aws_s3_bucket.www-ourbeautifulboy-com"
          ]
        },
        {
          "index_key": "assets/images/10274340-10152118354565749-608850990225159218-n-206x206.jpg",
          "schema_version": 0,
          "attributes": {
            "acl": "public-read",
            "bucket": "www.ourbeautifulboy.com",
            "bucket_key_enabled": false,
            "cache_control": "",
            "content": null,
            "content_base64": null,
            "content_disposition": "",
            "content_encoding": "",
            "content_language": "",
            "content_type": "image/jpeg",
            "etag": "c9ce3038c4469b732e5acf4a0789362f",
            "force_destroy": false,
            "id": "assets/images/10274340-10152118354565749-608850990225159218-n-206x206.jpg",
            "key": "assets/images/10274340-10152118354565749-608850990225159218-n-206x206.jpg",
            "kms_key_id": null,
            "metadata": {},
            "object_lock_legal_hold_status": "",
            "object_lock_mode": "",
            "object_lock_retain_until_date": "",
            "server_side_encryption": "AES256",
            "source": "./content/www.ourbeautifulboy.com//assets/images/10274340-10152118354565749-608850990225159218-n-206x206.jpg",
            "source_hash": null,
            "storage_class": "STANDARD",
            "tags": {},
            "tags_all": {},
            "version_id": "",
            "website_redirect": ""
          },
          "sensitive_attributes": [],
          "private": "bnVsbA==",
          "dependencies": [
            "aws_s3_bucket.www-ourbeautifulboy-com"
          ]
        },
        {
          "index_key": "assets/images/10302747-10203681703469301-7681548410446841770-n-720x960.jpg",
          "schema_version": 0,
          "attributes": {
            "acl": "public-read",
            "bucket": "www.ourbeautifulboy.com",
            "bucket_key_enabled": false,
            "cache_control": "",
            "content": null,
            "content_base64": null,
            "content_disposition": "",
            "content_encoding": "",
            "content_language": "",
            "content_type": "image/jpeg",
            "etag": "387711111bb263874cabcf9a3d39f269",
            "force_destroy": false,
            "id": "assets/images/10302747-10203681703469301-7681548410446841770-n-720x960.jpg",
            "key": "assets/images/10302747-10203681703469301-7681548410446841770-n-720x960.jpg",
            "kms_key_id": null,
            "metadata": {},
            "object_lock_legal_hold_status": "",
            "object_lock_mode": "",
            "object_lock_retain_until_date": "",
            "server_side_encryption": "AES256",
            "source": "./content/www.ourbeautifulboy.com//assets/images/10302747-10203681703469301-7681548410446841770-n-720x960.jpg",
            "source_hash": null,
            "storage_class": "STANDARD",
            "tags": {},
            "tags_all": {},
            "version_id": "",
            "website_redirect": ""
          },
          "sensitive_attributes": [],
          "private": "bnVsbA==",
          "dependencies": [
            "aws_s3_bucket.www-ourbeautifulboy-com"
          ]
        },
        {
          "index_key": "assets/images/10304977-10203989675968421-7732461143400459330-n-720x960.jpg",
          "schema_version": 0,
          "attributes": {
            "acl": "public-read",
            "bucket": "www.ourbeautifulboy.com",
            "bucket_key_enabled": false,
            "cache_control": "",
            "content": null,
            "content_base64": null,
            "content_disposition": "",
            "content_encoding": "",
            "content_language": "",
            "content_type": "image/jpeg",
            "etag": "9289ff8df645ecb40857a4e283395ea4",
            "force_destroy": false,
            "id": "assets/images/10304977-10203989675968421-7732461143400459330-n-720x960.jpg",
            "key": "assets/images/10304977-10203989675968421-7732461143400459330-n-720x960.jpg",
            "kms_key_id": null,
            "metadata": {},
            "object_lock_legal_hold_status": "",
            "object_lock_mode": "",
            "object_lock_retain_until_date": "",
            "server_side_encryption": "AES256",
            "source": "./content/www.ourbeautifulboy.com//assets/images/10304977-10203989675968421-7732461143400459330-n-720x960.jpg",
            "source_hash": null,
            "storage_class": "STANDARD",
            "tags": {},
            "tags_all": {},
            "version_id": "",
            "website_redirect": ""
          },
          "sensitive_attributes": [],
          "private": "bnVsbA==",
          "dependencies": [
            "aws_s3_bucket.www-ourbeautifulboy-com"
          ]
        },
        {
          "index_key": "assets/images/10406671-10152567317275749-836124357951980061-n-640x640.jpg",
          "schema_version": 0,
          "attributes": {
            "acl": "public-read",
            "bucket": "www.ourbeautifulboy.com",
            "bucket_key_enabled": false,
            "cache_control": "",
            "content": null,
            "content_base64": null,
            "content_disposition": "",
            "content_encoding": "",
            "content_language": "",
            "content_type": "image/jpeg",
            "etag": "67018f280cfb1404ef8fbc96536c4f17",
            "force_destroy": false,
            "id": "assets/images/10406671-10152567317275749-836124357951980061-n-640x640.jpg",
            "key": "assets/images/10406671-10152567317275749-836124357951980061-n-640x640.jpg",
            "kms_key_id": null,
            "metadata": {},
            "object_lock_legal_hold_status": "",
            "object_lock_mode": "",
            "object_lock_retain_until_date": "",
            "server_side_encryption": "AES256",
            "source": "./content/www.ourbeautifulboy.com//assets/images/10406671-10152567317275749-836124357951980061-n-640x640.jpg",
            "source_hash": null,
            "storage_class": "STANDARD",
            "tags": {},
            "tags_all": {},
            "version_id": "",
            "website_redirect": ""
          },
          "sensitive_attributes": [],
          "private": "bnVsbA==",
          "dependencies": [
            "aws_s3_bucket.www-ourbeautifulboy-com"
          ]
        },
        {
          "index_key": "assets/images/10407129-10152739302595749-4632387976210377906-n-640x640.jpg",
          "schema_version": 0,
          "attributes": {
            "acl": "public-read",
            "bucket": "www.ourbeautifulboy.com",
            "bucket_key_enabled": false,
            "cache_control": "",
            "content": null,
            "content_base64": null,
            "content_disposition": "",
            "content_encoding": "",
            "content_language": "",
            "content_type": "image/jpeg",
            "etag": "15fc514b5e3006686334a15c9d529eb1",
            "force_destroy": false,
            "id": "assets/images/10407129-10152739302595749-4632387976210377906-n-640x640.jpg",
            "key": "assets/images/10407129-10152739302595749-4632387976210377906-n-640x640.jpg",
            "kms_key_id": null,
            "metadata": {},
            "object_lock_legal_hold_status": "",
            "object_lock_mode": "",
            "object_lock_retain_until_date": "",
            "server_side_encryption": "AES256",
            "source": "./content/www.ourbeautifulboy.com//assets/images/10407129-10152739302595749-4632387976210377906-n-640x640.jpg",
            "source_hash": null,
            "storage_class": "STANDARD",
            "tags": {},
            "tags_all": {},
            "version_id": "",
            "website_redirect": ""
          },
          "sensitive_attributes": [],
          "private": "bnVsbA==",
          "dependencies": [
            "aws_s3_bucket.www-ourbeautifulboy-com"
          ]
        },
        {
          "index_key": "assets/images/10509480-10202668949817391-4462269143461644359-n-960x612.jpg",
          "schema_version": 0,
          "attributes": {
            "acl": "public-read",
            "bucket": "www.ourbeautifulboy.com",
            "bucket_key_enabled": false,
            "cache_control": "",
            "content": null,
            "content_base64": null,
            "content_disposition": "",
            "content_encoding": "",
            "content_language": "",
            "content_type": "image/jpeg",
            "etag": "c9ceaea72494b580f9370ddb3b5de278",
            "force_destroy": false,
            "id": "assets/images/10509480-10202668949817391-4462269143461644359-n-960x612.jpg",
            "key": "assets/images/10509480-10202668949817391-4462269143461644359-n-960x612.jpg",
            "kms_key_id": null,
            "metadata": {},
            "object_lock_legal_hold_status": "",
            "object_lock_mode": "",
            "object_lock_retain_until_date": "",
            "server_side_encryption": "AES256",
            "source": "./content/www.ourbeautifulboy.com//assets/images/10509480-10202668949817391-4462269143461644359-n-960x612.jpg",
            "source_hash": null,
            "storage_class": "STANDARD",
            "tags": {},
            "tags_all": {},
            "version_id": "",
            "website_redirect": ""
          },
          "sensitive_attributes": [],
          "private": "bnVsbA==",
          "dependencies": [
            "aws_s3_bucket.www-ourbeautifulboy-com"
          ]
        },
        {
          "index_key": "assets/images/10537107-10206959366091868-1143154960384293246-n-720x960.jpg",
          "schema_version": 0,
          "attributes": {
            "acl": "public-read",
            "bucket": "www.ourbeautifulboy.com",
            "bucket_key_enabled": false,
            "cache_control": "",
            "content": null,
            "content_base64": null,
            "content_disposition": "",
            "content_encoding": "",
            "content_language": "",
            "content_type": "image/jpeg",
            "etag": "abad9bc97302ae29d93adeafe3bc2fb1",
            "force_destroy": false,
            "id": "assets/images/10537107-10206959366091868-1143154960384293246-n-720x960.jpg",
            "key": "assets/images/10537107-10206959366091868-1143154960384293246-n-720x960.jpg",
            "kms_key_id": null,
            "metadata": {},
            "object_lock_legal_hold_status": "",
            "object_lock_mode": "",
            "object_lock_retain_until_date": "",
            "server_side_encryption": "AES256",
            "source": "./content/www.ourbeautifulboy.com//assets/images/10537107-10206959366091868-1143154960384293246-n-720x960.jpg",
            "source_hash": null,
            "storage_class": "STANDARD",
            "tags": {},
            "tags_all": {},
            "version_id": "",
            "website_redirect": ""
          },
          "sensitive_attributes": [],
          "private": "bnVsbA==",
          "dependencies": [
            "aws_s3_bucket.www-ourbeautifulboy-com"
          ]
        },
        {
          "index_key": "assets/images/10624594-10152567344590749-1155698771660492000-n-640x640.jpg",
          "schema_version": 0,
          "attributes": {
            "acl": "public-read",
            "bucket": "www.ourbeautifulboy.com",
            "bucket_key_enabled": false,
            "cache_control": "",
            "content": null,
            "content_base64": null,
            "content_disposition": "",
            "content_encoding": "",
            "content_language": "",
            "content_type": "image/jpeg",
            "etag": "77dcd111aadf33ae21c06de2fdf845c2",
            "force_destroy": false,
            "id": "assets/images/10624594-10152567344590749-1155698771660492000-n-640x640.jpg",
            "key": "assets/images/10624594-10152567344590749-1155698771660492000-n-640x640.jpg",
            "kms_key_id": null,
            "metadata": {},
            "object_lock_legal_hold_status": "",
            "object_lock_mode": "",
            "object_lock_retain_until_date": "",
            "server_side_encryption": "AES256",
            "source": "./content/www.ourbeautifulboy.com//assets/images/10624594-10152567344590749-1155698771660492000-n-640x640.jpg",
            "source_hash": null,
            "storage_class": "STANDARD",
            "tags": {},
            "tags_all": {},
            "version_id": "",
            "website_redirect": ""
          },
          "sensitive_attributes": [],
          "private": "bnVsbA==",
          "dependencies": [
            "aws_s3_bucket.www-ourbeautifulboy-com"
          ]
        },
        {
          "index_key": "assets/images/10678755-10152567340045749-4853855806004709767-n-1-640x640.jpg",
          "schema_version": 0,
          "attributes": {
            "acl": "public-read",
            "bucket": "www.ourbeautifulboy.com",
            "bucket_key_enabled": false,
            "cache_control": "",
            "content": null,
            "content_base64": null,
            "content_disposition": "",
            "content_encoding": "",
            "content_language": "",
            "content_type": "image/jpeg",
            "etag": "b28a3d7c965b8b050502f548825f3e53",
            "force_destroy": false,
            "id": "assets/images/10678755-10152567340045749-4853855806004709767-n-1-640x640.jpg",
            "key": "assets/images/10678755-10152567340045749-4853855806004709767-n-1-640x640.jpg",
            "kms_key_id": null,
            "metadata": {},
            "object_lock_legal_hold_status": "",
            "object_lock_mode": "",
            "object_lock_retain_until_date": "",
            "server_side_encryption": "AES256",
            "source": "./content/www.ourbeautifulboy.com//assets/images/10678755-10152567340045749-4853855806004709767-n-1-640x640.jpg",
            "source_hash": null,
            "storage_class": "STANDARD",
            "tags": {},
            "tags_all": {},
            "version_id": "",
            "website_redirect": ""
          },
          "sensitive_attributes": [],
          "private": "bnVsbA==",
          "dependencies": [
            "aws_s3_bucket.www-ourbeautifulboy-com"
          ]
        },
        {
          "index_key": "assets/images/10702175-10152567315490749-7896186899169391492-n-640x640.jpg",
          "schema_version": 0,
          "attributes": {
            "acl": "public-read",
            "bucket": "www.ourbeautifulboy.com",
            "bucket_key_enabled": false,
            "cache_control": "",
            "content": null,
            "content_base64": null,
            "content_disposition": "",
            "content_encoding": "",
            "content_language": "",
            "content_type": "image/jpeg",
            "etag": "cc8f947204e5c163b6829fb604f47db7",
            "force_destroy": false,
            "id": "assets/images/10702175-10152567315490749-7896186899169391492-n-640x640.jpg",
            "key": "assets/images/10702175-10152567315490749-7896186899169391492-n-640x640.jpg",
            "kms_key_id": null,
            "metadata": {},
            "object_lock_legal_hold_status": "",
            "object_lock_mode": "",
            "object_lock_retain_until_date": "",
            "server_side_encryption": "AES256",
            "source": "./content/www.ourbeautifulboy.com//assets/images/10702175-10152567315490749-7896186899169391492-n-640x640.jpg",
            "source_hash": null,
            "storage_class": "STANDARD",
            "tags": {},
            "tags_all": {},
            "version_id": "",
            "website_redirect": ""
          },
          "sensitive_attributes": [],
          "private": "bnVsbA==",
          "dependencies": [
            "aws_s3_bucket.www-ourbeautifulboy-com"
          ]
        },
        {
          "index_key": "assets/images/10730954-10205479689700883-3348195816546526566-n-960x596.jpg",
          "schema_version": 0,
          "attributes": {
            "acl": "public-read",
            "bucket": "www.ourbeautifulboy.com",
            "bucket_key_enabled": false,
            "cache_control": "",
            "content": null,
            "content_base64": null,
            "content_disposition": "",
            "content_encoding": "",
            "content_language": "",
            "content_type": "image/jpeg",
            "etag": "747802a75555a286b69702ac0f24f776",
            "force_destroy": false,
            "id": "assets/images/10730954-10205479689700883-3348195816546526566-n-960x596.jpg",
            "key": "assets/images/10730954-10205479689700883-3348195816546526566-n-960x596.jpg",
            "kms_key_id": null,
            "metadata": {},
            "object_lock_legal_hold_status": "",
            "object_lock_mode": "",
            "object_lock_retain_until_date": "",
            "server_side_encryption": "AES256",
            "source": "./content/www.ourbeautifulboy.com//assets/images/10730954-10205479689700883-3348195816546526566-n-960x596.jpg",
            "source_hash": null,
            "storage_class": "STANDARD",
            "tags": {},
            "tags_all": {},
            "version_id": "",
            "website_redirect": ""
          },
          "sensitive_attributes": [],
          "private": "bnVsbA==",
          "dependencies": [
            "aws_s3_bucket.www-ourbeautifulboy-com"
          ]
        },
        {
          "index_key": "assets/images/10802028-10152567251465749-6105673291994259317-n-640x640.jpg",
          "schema_version": 0,
          "attributes": {
            "acl": "public-read",
            "bucket": "www.ourbeautifulboy.com",
            "bucket_key_enabled": false,
            "cache_control": "",
            "content": null,
            "content_base64": null,
            "content_disposition": "",
            "content_encoding": "",
            "content_language": "",
            "content_type": "image/jpeg",
            "etag": "24456ba56768d363b564f11ca53a1e43",
            "force_destroy": false,
            "id": "assets/images/10802028-10152567251465749-6105673291994259317-n-640x640.jpg",
            "key": "assets/images/10802028-10152567251465749-6105673291994259317-n-640x640.jpg",
            "kms_key_id": null,
            "metadata": {},
            "object_lock_legal_hold_status": "",
            "object_lock_mode": "",
            "object_lock_retain_until_date": "",
            "server_side_encryption": "AES256",
            "source": "./content/www.ourbeautifulboy.com//assets/images/10802028-10152567251465749-6105673291994259317-n-640x640.jpg",
            "source_hash": null,
            "storage_class": "STANDARD",
            "tags": {},
            "tags_all": {},
            "version_id": "",
            "website_redirect": ""
          },
          "sensitive_attributes": [],
          "private": "bnVsbA==",
          "dependencies": [
            "aws_s3_bucket.www-ourbeautifulboy-com"
          ]
        },
        {
          "index_key": "assets/images/10846113-10152567320155749-8700087912846080771-n-640x640.jpg",
          "schema_version": 0,
          "attributes": {
            "acl": "public-read",
            "bucket": "www.ourbeautifulboy.com",
            "bucket_key_enabled": false,
            "cache_control": "",
            "content": null,
            "content_base64": null,
            "content_disposition": "",
            "content_encoding": "",
            "content_language": "",
            "content_type": "image/jpeg",
            "etag": "892eaac2f828c376bdac1472d00c0fc4",
            "force_destroy": false,
            "id": "assets/images/10846113-10152567320155749-8700087912846080771-n-640x640.jpg",
            "key": "assets/images/10846113-10152567320155749-8700087912846080771-n-640x640.jpg",
            "kms_key_id": null,
            "metadata": {},
            "object_lock_legal_hold_status": "",
            "object_lock_mode": "",
            "object_lock_retain_until_date": "",
            "server_side_encryption": "AES256",
            "source": "./content/www.ourbeautifulboy.com//assets/images/10846113-10152567320155749-8700087912846080771-n-640x640.jpg",
            "source_hash": null,
            "storage_class": "STANDARD",
            "tags": {},
            "tags_all": {},
            "version_id": "",
            "website_redirect": ""
          },
          "sensitive_attributes": [],
          "private": "bnVsbA==",
          "dependencies": [
            "aws_s3_bucket.www-ourbeautifulboy-com"
          ]
        },
        {
          "index_key": "assets/images/10849899-10205134892958130-7215911880855254759-n-720x960.jpg",
          "schema_version": 0,
          "attributes": {
            "acl": "public-read",
            "bucket": "www.ourbeautifulboy.com",
            "bucket_key_enabled": false,
            "cache_control": "",
            "content": null,
            "content_base64": null,
            "content_disposition": "",
            "content_encoding": "",
            "content_language": "",
            "content_type": "image/jpeg",
            "etag": "90a10bb0d138fd70e95554800ed5e433",
            "force_destroy": false,
            "id": "assets/images/10849899-10205134892958130-7215911880855254759-n-720x960.jpg",
            "key": "assets/images/10849899-10205134892958130-7215911880855254759-n-720x960.jpg",
            "kms_key_id": null,
            "metadata": {},
            "object_lock_legal_hold_status": "",
            "object_lock_mode": "",
            "object_lock_retain_until_date": "",
            "server_side_encryption": "AES256",
            "source": "./content/www.ourbeautifulboy.com//assets/images/10849899-10205134892958130-7215911880855254759-n-720x960.jpg",
            "source_hash": null,
            "storage_class": "STANDARD",
            "tags": {},
            "tags_all": {},
            "version_id": "",
            "website_redirect": ""
          },
          "sensitive_attributes": [],
          "private": "bnVsbA==",
          "dependencies": [
            "aws_s3_bucket.www-ourbeautifulboy-com"
          ]
        },
        {
          "index_key": "assets/images/10858479-10152589038045749-7169225893473386816-n-640x640.jpg",
          "schema_version": 0,
          "attributes": {
            "acl": "public-read",
            "bucket": "www.ourbeautifulboy.com",
            "bucket_key_enabled": false,
            "cache_control": "",
            "content": null,
            "content_base64": null,
            "content_disposition": "",
            "content_encoding": "",
            "content_language": "",
            "content_type": "image/jpeg",
            "etag": "80f18282d97ea46511cef41008460e93",
            "force_destroy": false,
            "id": "assets/images/10858479-10152589038045749-7169225893473386816-n-640x640.jpg",
            "key": "assets/images/10858479-10152589038045749-7169225893473386816-n-640x640.jpg",
            "kms_key_id": null,
            "metadata": {},
            "object_lock_legal_hold_status": "",
            "object_lock_mode": "",
            "object_lock_retain_until_date": "",
            "server_side_encryption": "AES256",
            "source": "./content/www.ourbeautifulboy.com//assets/images/10858479-10152589038045749-7169225893473386816-n-640x640.jpg",
            "source_hash": null,
            "storage_class": "STANDARD",
            "tags": {},
            "tags_all": {},
            "version_id": "",
            "website_redirect": ""
          },
          "sensitive_attributes": [],
          "private": "bnVsbA==",
          "dependencies": [
            "aws_s3_bucket.www-ourbeautifulboy-com"
          ]
        },
        {
          "index_key": "assets/images/10968596-10152739300025749-5388153641922974419-n-640x640.jpg",
          "schema_version": 0,
          "attributes": {
            "acl": "public-read",
            "bucket": "www.ourbeautifulboy.com",
            "bucket_key_enabled": false,
            "cache_control": "",
            "content": null,
            "content_base64": null,
            "content_disposition": "",
            "content_encoding": "",
            "content_language": "",
            "content_type": "image/jpeg",
            "etag": "662d55b09dbb5c54c8cec376908d7163",
            "force_destroy": false,
            "id": "assets/images/10968596-10152739300025749-5388153641922974419-n-640x640.jpg",
            "key": "assets/images/10968596-10152739300025749-5388153641922974419-n-640x640.jpg",
            "kms_key_id": null,
            "metadata": {},
            "object_lock_legal_hold_status": "",
            "object_lock_mode": "",
            "object_lock_retain_until_date": "",
            "server_side_encryption": "AES256",
            "source": "./content/www.ourbeautifulboy.com//assets/images/10968596-10152739300025749-5388153641922974419-n-640x640.jpg",
            "source_hash": null,
            "storage_class": "STANDARD",
            "tags": {},
            "tags_all": {},
            "version_id": "",
            "website_redirect": ""
          },
          "sensitive_attributes": [],
          "private": "bnVsbA==",
          "dependencies": [
            "aws_s3_bucket.www-ourbeautifulboy-com"
          ]
        },
        {
          "index_key": "assets/images/10978575-10152739304215749-4277053440063744987-n-640x640.jpg",
          "schema_version": 0,
          "attributes": {
            "acl": "public-read",
            "bucket": "www.ourbeautifulboy.com",
            "bucket_key_enabled": false,
            "cache_control": "",
            "content": null,
            "content_base64": null,
            "content_disposition": "",
            "content_encoding": "",
            "content_language": "",
            "content_type": "image/jpeg",
            "etag": "0c54caab7c29fa9576b0fbdaf642b6d5",
            "force_destroy": false,
            "id": "assets/images/10978575-10152739304215749-4277053440063744987-n-640x640.jpg",
            "key": "assets/images/10978575-10152739304215749-4277053440063744987-n-640x640.jpg",
            "kms_key_id": null,
            "metadata": {},
            "object_lock_legal_hold_status": "",
            "object_lock_mode": "",
            "object_lock_retain_until_date": "",
            "server_side_encryption": "AES256",
            "source": "./content/www.ourbeautifulboy.com//assets/images/10978575-10152739304215749-4277053440063744987-n-640x640.jpg",
            "source_hash": null,
            "storage_class": "STANDARD",
            "tags": {},
            "tags_all": {},
            "version_id": "",
            "website_redirect": ""
          },
          "sensitive_attributes": [],
          "private": "bnVsbA==",
          "dependencies": [
            "aws_s3_bucket.www-ourbeautifulboy-com"
          ]
        },
        {
          "index_key": "assets/images/10994041-10152732523865749-2413623677035621313-n-640x640.jpg",
          "schema_version": 0,
          "attributes": {
            "acl": "public-read",
            "bucket": "www.ourbeautifulboy.com",
            "bucket_key_enabled": false,
            "cache_control": "",
            "content": null,
            "content_base64": null,
            "content_disposition": "",
            "content_encoding": "",
            "content_language": "",
            "content_type": "image/jpeg",
            "etag": "501ce2455d33d0e55e19990f8ed67d6d",
            "force_destroy": false,
            "id": "assets/images/10994041-10152732523865749-2413623677035621313-n-640x640.jpg",
            "key": "assets/images/10994041-10152732523865749-2413623677035621313-n-640x640.jpg",
            "kms_key_id": null,
            "metadata": {},
            "object_lock_legal_hold_status": "",
            "object_lock_mode": "",
            "object_lock_retain_until_date": "",
            "server_side_encryption": "AES256",
            "source": "./content/www.ourbeautifulboy.com//assets/images/10994041-10152732523865749-2413623677035621313-n-640x640.jpg",
            "source_hash": null,
            "storage_class": "STANDARD",
            "tags": {},
            "tags_all": {},
            "version_id": "",
            "website_redirect": ""
          },
          "sensitive_attributes": [],
          "private": "bnVsbA==",
          "dependencies": [
            "aws_s3_bucket.www-ourbeautifulboy-com"
          ]
        },
        {
          "index_key": "assets/images/11006468-10152739298620749-1353660290290762521-n-640x640.jpg",
          "schema_version": 0,
          "attributes": {
            "acl": "public-read",
            "bucket": "www.ourbeautifulboy.com",
            "bucket_key_enabled": false,
            "cache_control": "",
            "content": null,
            "content_base64": null,
            "content_disposition": "",
            "content_encoding": "",
            "content_language": "",
            "content_type": "image/jpeg",
            "etag": "f70938cf35015c31246d5af9079b0a6b",
            "force_destroy": false,
            "id": "assets/images/11006468-10152739298620749-1353660290290762521-n-640x640.jpg",
            "key": "assets/images/11006468-10152739298620749-1353660290290762521-n-640x640.jpg",
            "kms_key_id": null,
            "metadata": {},
            "object_lock_legal_hold_status": "",
            "object_lock_mode": "",
            "object_lock_retain_until_date": "",
            "server_side_encryption": "AES256",
            "source": "./content/www.ourbeautifulboy.com//assets/images/11006468-10152739298620749-1353660290290762521-n-640x640.jpg",
            "source_hash": null,
            "storage_class": "STANDARD",
            "tags": {},
            "tags_all": {},
            "version_id": "",
            "website_redirect": ""
          },
          "sensitive_attributes": [],
          "private": "bnVsbA==",
          "dependencies": [
            "aws_s3_bucket.www-ourbeautifulboy-com"
          ]
        },
        {
          "index_key": "assets/images/11535667-10153023519140749-203627713854213059-n-640x640.jpg",
          "schema_version": 0,
          "attributes": {
            "acl": "public-read",
            "bucket": "www.ourbeautifulboy.com",
            "bucket_key_enabled": false,
            "cache_control": "",
            "content": null,
            "content_base64": null,
            "content_disposition": "",
            "content_encoding": "",
            "content_language": "",
            "content_type": "image/jpeg",
            "etag": "b1147cdd6dc6cb711174342a033eba4d",
            "force_destroy": false,
            "id": "assets/images/11535667-10153023519140749-203627713854213059-n-640x640.jpg",
            "key": "assets/images/11535667-10153023519140749-203627713854213059-n-640x640.jpg",
            "kms_key_id": null,
            "metadata": {},
            "object_lock_legal_hold_status": "",
            "object_lock_mode": "",
            "object_lock_retain_until_date": "",
            "server_side_encryption": "AES256",
            "source": "./content/www.ourbeautifulboy.com//assets/images/11535667-10153023519140749-203627713854213059-n-640x640.jpg",
            "source_hash": null,
            "storage_class": "STANDARD",
            "tags": {},
            "tags_all": {},
            "version_id": "",
            "website_redirect": ""
          },
          "sensitive_attributes": [],
          "private": "bnVsbA==",
          "dependencies": [
            "aws_s3_bucket.www-ourbeautifulboy-com"
          ]
        },
        {
          "index_key": "assets/images/1186091-10201818631133657-808131922-n-960x720.jpg",
          "schema_version": 0,
          "attributes": {
            "acl": "public-read",
            "bucket": "www.ourbeautifulboy.com",
            "bucket_key_enabled": false,
            "cache_control": "",
            "content": null,
            "content_base64": null,
            "content_disposition": "",
            "content_encoding": "",
            "content_language": "",
            "content_type": "image/jpeg",
            "etag": "9e4f8e09d6ee0bd40ff4d10c2f20efeb",
            "force_destroy": false,
            "id": "assets/images/1186091-10201818631133657-808131922-n-960x720.jpg",
            "key": "assets/images/1186091-10201818631133657-808131922-n-960x720.jpg",
            "kms_key_id": null,
            "metadata": {},
            "object_lock_legal_hold_status": "",
            "object_lock_mode": "",
            "object_lock_retain_until_date": "",
            "server_side_encryption": "AES256",
            "source": "./content/www.ourbeautifulboy.com//assets/images/1186091-10201818631133657-808131922-n-960x720.jpg",
            "source_hash": null,
            "storage_class": "STANDARD",
            "tags": {},
            "tags_all": {},
            "version_id": "",
            "website_redirect": ""
          },
          "sensitive_attributes": [],
          "private": "bnVsbA==",
          "dependencies": [
            "aws_s3_bucket.www-ourbeautifulboy-com"
          ]
        },
        {
          "index_key": "assets/images/1186794-10151625734880749-1169776793-n-612x612.jpg",
          "schema_version": 0,
          "attributes": {
            "acl": "public-read",
            "bucket": "www.ourbeautifulboy.com",
            "bucket_key_enabled": false,
            "cache_control": "",
            "content": null,
            "content_base64": null,
            "content_disposition": "",
            "content_encoding": "",
            "content_language": "",
            "content_type": "image/jpeg",
            "etag": "fa6973d74d02789cb254058c44756528",
            "force_destroy": false,
            "id": "assets/images/1186794-10151625734880749-1169776793-n-612x612.jpg",
            "key": "assets/images/1186794-10151625734880749-1169776793-n-612x612.jpg",
            "kms_key_id": null,
            "metadata": {},
            "object_lock_legal_hold_status": "",
            "object_lock_mode": "",
            "object_lock_retain_until_date": "",
            "server_side_encryption": "AES256",
            "source": "./content/www.ourbeautifulboy.com//assets/images/1186794-10151625734880749-1169776793-n-612x612.jpg",
            "source_hash": null,
            "storage_class": "STANDARD",
            "tags": {},
            "tags_all": {},
            "version_id": "",
            "website_redirect": ""
          },
          "sensitive_attributes": [],
          "private": "bnVsbA==",
          "dependencies": [
            "aws_s3_bucket.www-ourbeautifulboy-com"
          ]
        },
        {
          "index_key": "assets/images/11998858-605635319576793-6433902288007478280-n-960x720.jpg",
          "schema_version": 0,
          "attributes": {
            "acl": "public-read",
            "bucket": "www.ourbeautifulboy.com",
            "bucket_key_enabled": false,
            "cache_control": "",
            "content": null,
            "content_base64": null,
            "content_disposition": "",
            "content_encoding": "",
            "content_language": "",
            "content_type": "image/jpeg",
            "etag": "2504a0c620c48557a2e6809476458897",
            "force_destroy": false,
            "id": "assets/images/11998858-605635319576793-6433902288007478280-n-960x720.jpg",
            "key": "assets/images/11998858-605635319576793-6433902288007478280-n-960x720.jpg",
            "kms_key_id": null,
            "metadata": {},
            "object_lock_legal_hold_status": "",
            "object_lock_mode": "",
            "object_lock_retain_until_date": "",
            "server_side_encryption": "AES256",
            "source": "./content/www.ourbeautifulboy.com//assets/images/11998858-605635319576793-6433902288007478280-n-960x720.jpg",
            "source_hash": null,
            "storage_class": "STANDARD",
            "tags": {},
            "tags_all": {},
            "version_id": "",
            "website_redirect": ""
          },
          "sensitive_attributes": [],
          "private": "bnVsbA==",
          "dependencies": [
            "aws_s3_bucket.www-ourbeautifulboy-com"
          ]
        },
        {
          "index_key": "assets/images/12011275-605634042910254-5951876605453057436-n-960x720.jpg",
          "schema_version": 0,
          "attributes": {
            "acl": "public-read",
            "bucket": "www.ourbeautifulboy.com",
            "bucket_key_enabled": false,
            "cache_control": "",
            "content": null,
            "content_base64": null,
            "content_disposition": "",
            "content_encoding": "",
            "content_language": "",
            "content_type": "image/jpeg",
            "etag": "0fe9da19937e6b41424324f2e65e1a98",
            "force_destroy": false,
            "id": "assets/images/12011275-605634042910254-5951876605453057436-n-960x720.jpg",
            "key": "assets/images/12011275-605634042910254-5951876605453057436-n-960x720.jpg",
            "kms_key_id": null,
            "metadata": {},
            "object_lock_legal_hold_status": "",
            "object_lock_mode": "",
            "object_lock_retain_until_date": "",
            "server_side_encryption": "AES256",
            "source": "./content/www.ourbeautifulboy.com//assets/images/12011275-605634042910254-5951876605453057436-n-960x720.jpg",
            "source_hash": null,
            "storage_class": "STANDARD",
            "tags": {},
            "tags_all": {},
            "version_id": "",
            "website_redirect": ""
          },
          "sensitive_attributes": [],
          "private": "bnVsbA==",
          "dependencies": [
            "aws_s3_bucket.www-ourbeautifulboy-com"
          ]
        },
        {
          "index_key": "assets/images/12027632-605635229576802-805702787975525452-n-960x720.jpg",
          "schema_version": 0,
          "attributes": {
            "acl": "public-read",
            "bucket": "www.ourbeautifulboy.com",
            "bucket_key_enabled": false,
            "cache_control": "",
            "content": null,
            "content_base64": null,
            "content_disposition": "",
            "content_encoding": "",
            "content_language": "",
            "content_type": "image/jpeg",
            "etag": "53ba9f9faaa53fc40e434a7091af15f2",
            "force_destroy": false,
            "id": "assets/images/12027632-605635229576802-805702787975525452-n-960x720.jpg",
            "key": "assets/images/12027632-605635229576802-805702787975525452-n-960x720.jpg",
            "kms_key_id": null,
            "metadata": {},
            "object_lock_legal_hold_status": "",
            "object_lock_mode": "",
            "object_lock_retain_until_date": "",
            "server_side_encryption": "AES256",
            "source": "./content/www.ourbeautifulboy.com//assets/images/12027632-605635229576802-805702787975525452-n-960x720.jpg",
            "source_hash": null,
            "storage_class": "STANDARD",
            "tags": {},
            "tags_all": {},
            "version_id": "",
            "website_redirect": ""
          },
          "sensitive_attributes": [],
          "private": "bnVsbA==",
          "dependencies": [
            "aws_s3_bucket.www-ourbeautifulboy-com"
          ]
        },
        {
          "index_key": "assets/images/1209051-10201704759766944-1028895166-n-720x960.jpg",
          "schema_version": 0,
          "attributes": {
            "acl": "public-read",
            "bucket": "www.ourbeautifulboy.com",
            "bucket_key_enabled": false,
            "cache_control": "",
            "content": null,
            "content_base64": null,
            "content_disposition": "",
            "content_encoding": "",
            "content_language": "",
            "content_type": "image/jpeg",
            "etag": "4c04ac0ef65748bd022b87da3a402ae0",
            "force_destroy": false,
            "id": "assets/images/1209051-10201704759766944-1028895166-n-720x960.jpg",
            "key": "assets/images/1209051-10201704759766944-1028895166-n-720x960.jpg",
            "kms_key_id": null,
            "metadata": {},
            "object_lock_legal_hold_status": "",
            "object_lock_mode": "",
            "object_lock_retain_until_date": "",
            "server_side_encryption": "AES256",
            "source": "./content/www.ourbeautifulboy.com//assets/images/1209051-10201704759766944-1028895166-n-720x960.jpg",
            "source_hash": null,
            "storage_class": "STANDARD",
            "tags": {},
            "tags_all": {},
            "version_id": "",
            "website_redirect": ""
          },
          "sensitive_attributes": [],
          "private": "bnVsbA==",
          "dependencies": [
            "aws_s3_bucket.www-ourbeautifulboy-com"
          ]
        },
        {
          "index_key": "assets/images/12189929-10205248083741818-3017767460703213755-n-539x960.jpg",
          "schema_version": 0,
          "attributes": {
            "acl": "public-read",
            "bucket": "www.ourbeautifulboy.com",
            "bucket_key_enabled": false,
            "cache_control": "",
            "content": null,
            "content_base64": null,
            "content_disposition": "",
            "content_encoding": "",
            "content_language": "",
            "content_type": "image/jpeg",
            "etag": "50a6d7321790e0cf9e04b6f2bfb40228",
            "force_destroy": false,
            "id": "assets/images/12189929-10205248083741818-3017767460703213755-n-539x960.jpg",
            "key": "assets/images/12189929-10205248083741818-3017767460703213755-n-539x960.jpg",
            "kms_key_id": null,
            "metadata": {},
            "object_lock_legal_hold_status": "",
            "object_lock_mode": "",
            "object_lock_retain_until_date": "",
            "server_side_encryption": "AES256",
            "source": "./content/www.ourbeautifulboy.com//assets/images/12189929-10205248083741818-3017767460703213755-n-539x960.jpg",
            "source_hash": null,
            "storage_class": "STANDARD",
            "tags": {},
            "tags_all": {},
            "version_id": "",
            "website_redirect": ""
          },
          "sensitive_attributes": [],
          "private": "bnVsbA==",
          "dependencies": [
            "aws_s3_bucket.www-ourbeautifulboy-com"
          ]
        },
        {
          "index_key": "assets/images/1233317-10151644809500749-1259169277-n-612x612.jpg",
          "schema_version": 0,
          "attributes": {
            "acl": "public-read",
            "bucket": "www.ourbeautifulboy.com",
            "bucket_key_enabled": false,
            "cache_control": "",
            "content": null,
            "content_base64": null,
            "content_disposition": "",
            "content_encoding": "",
            "content_language": "",
            "content_type": "image/jpeg",
            "etag": "335a8ef2f8dbf935fd75c99a5f987ca1",
            "force_destroy": false,
            "id": "assets/images/1233317-10151644809500749-1259169277-n-612x612.jpg",
            "key": "assets/images/1233317-10151644809500749-1259169277-n-612x612.jpg",
            "kms_key_id": null,
            "metadata": {},
            "object_lock_legal_hold_status": "",
            "object_lock_mode": "",
            "object_lock_retain_until_date": "",
            "server_side_encryption": "AES256",
            "source": "./content/www.ourbeautifulboy.com//assets/images/1233317-10151644809500749-1259169277-n-612x612.jpg",
            "source_hash": null,
            "storage_class": "STANDARD",
            "tags": {},
            "tags_all": {},
            "version_id": "",
            "website_redirect": ""
          },
          "sensitive_attributes": [],
          "private": "bnVsbA==",
          "dependencies": [
            "aws_s3_bucket.www-ourbeautifulboy-com"
          ]
        },
        {
          "index_key": "assets/images/1234255-10151644808225749-449258561-n-612x612.jpg",
          "schema_version": 0,
          "attributes": {
            "acl": "public-read",
            "bucket": "www.ourbeautifulboy.com",
            "bucket_key_enabled": false,
            "cache_control": "",
            "content": null,
            "content_base64": null,
            "content_disposition": "",
            "content_encoding": "",
            "content_language": "",
            "content_type": "image/jpeg",
            "etag": "060da6ff0b36e7f1b5a1fbb72d4decec",
            "force_destroy": false,
            "id": "assets/images/1234255-10151644808225749-449258561-n-612x612.jpg",
            "key": "assets/images/1234255-10151644808225749-449258561-n-612x612.jpg",
            "kms_key_id": null,
            "metadata": {},
            "object_lock_legal_hold_status": "",
            "object_lock_mode": "",
            "object_lock_retain_until_date": "",
            "server_side_encryption": "AES256",
            "source": "./content/www.ourbeautifulboy.com//assets/images/1234255-10151644808225749-449258561-n-612x612.jpg",
            "source_hash": null,
            "storage_class": "STANDARD",
            "tags": {},
            "tags_all": {},
            "version_id": "",
            "website_redirect": ""
          },
          "sensitive_attributes": [],
          "private": "bnVsbA==",
          "dependencies": [
            "aws_s3_bucket.www-ourbeautifulboy-com"
          ]
        },
        {
          "index_key": "assets/images/1240028-10201700484100055-1698101323-n-720x960.jpg",
          "schema_version": 0,
          "attributes": {
            "acl": "public-read",
            "bucket": "www.ourbeautifulboy.com",
            "bucket_key_enabled": false,
            "cache_control": "",
            "content": null,
            "content_base64": null,
            "content_disposition": "",
            "content_encoding": "",
            "content_language": "",
            "content_type": "image/jpeg",
            "etag": "b23fbbe28a3ef979c832ce1666a63109",
            "force_destroy": false,
            "id": "assets/images/1240028-10201700484100055-1698101323-n-720x960.jpg",
            "key": "assets/images/1240028-10201700484100055-1698101323-n-720x960.jpg",
            "kms_key_id": null,
            "metadata": {},
            "object_lock_legal_hold_status": "",
            "object_lock_mode": "",
            "object_lock_retain_until_date": "",
            "server_side_encryption": "AES256",
            "source": "./content/www.ourbeautifulboy.com//assets/images/1240028-10201700484100055-1698101323-n-720x960.jpg",
            "source_hash": null,
            "storage_class": "STANDARD",
            "tags": {},
            "tags_all": {},
            "version_id": "",
            "website_redirect": ""
          },
          "sensitive_attributes": [],
          "private": "bnVsbA==",
          "dependencies": [
            "aws_s3_bucket.www-ourbeautifulboy-com"
          ]
        },
        {
          "index_key": "assets/images/13582161-10206810909691490-2869739797930553615-o-1478x1109.jpg",
          "schema_version": 0,
          "attributes": {
            "acl": "public-read",
            "bucket": "www.ourbeautifulboy.com",
            "bucket_key_enabled": false,
            "cache_control": "",
            "content": null,
            "content_base64": null,
            "content_disposition": "",
            "content_encoding": "",
            "content_language": "",
            "content_type": "image/jpeg",
            "etag": "9fd3eaaff94b611b54b430e982b40592",
            "force_destroy": false,
            "id": "assets/images/13582161-10206810909691490-2869739797930553615-o-1478x1109.jpg",
            "key": "assets/images/13582161-10206810909691490-2869739797930553615-o-1478x1109.jpg",
            "kms_key_id": null,
            "metadata": {},
            "object_lock_legal_hold_status": "",
            "object_lock_mode": "",
            "object_lock_retain_until_date": "",
            "server_side_encryption": "AES256",
            "source": "./content/www.ourbeautifulboy.com//assets/images/13582161-10206810909691490-2869739797930553615-o-1478x1109.jpg",
            "source_hash": null,
            "storage_class": "STANDARD",
            "tags": {},
            "tags_all": {},
            "version_id": "",
            "website_redirect": ""
          },
          "sensitive_attributes": [],
          "private": "bnVsbA==",
          "dependencies": [
            "aws_s3_bucket.www-ourbeautifulboy-com"
          ]
        },
        {
          "index_key": "assets/images/1400802-10202169024413270-1333229754-o-541x960.jpg",
          "schema_version": 0,
          "attributes": {
            "acl": "public-read",
            "bucket": "www.ourbeautifulboy.com",
            "bucket_key_enabled": false,
            "cache_control": "",
            "content": null,
            "content_base64": null,
            "content_disposition": "",
            "content_encoding": "",
            "content_language": "",
            "content_type": "image/jpeg",
            "etag": "b88a1a21e42809e7dd6146ff1c12a5a0",
            "force_destroy": false,
            "id": "assets/images/1400802-10202169024413270-1333229754-o-541x960.jpg",
            "key": "assets/images/1400802-10202169024413270-1333229754-o-541x960.jpg",
            "kms_key_id": null,
            "metadata": {},
            "object_lock_legal_hold_status": "",
            "object_lock_mode": "",
            "object_lock_retain_until_date": "",
            "server_side_encryption": "AES256",
            "source": "./content/www.ourbeautifulboy.com//assets/images/1400802-10202169024413270-1333229754-o-541x960.jpg",
            "source_hash": null,
            "storage_class": "STANDARD",
            "tags": {},
            "tags_all": {},
            "version_id": "",
            "website_redirect": ""
          },
          "sensitive_attributes": [],
          "private": "bnVsbA==",
          "dependencies": [
            "aws_s3_bucket.www-ourbeautifulboy-com"
          ]
        },
        {
          "index_key": "assets/images/1417742-10202418732535817-64037777-o-541x960.jpg",
          "schema_version": 0,
          "attributes": {
            "acl": "public-read",
            "bucket": "www.ourbeautifulboy.com",
            "bucket_key_enabled": false,
            "cache_control": "",
            "content": null,
            "content_base64": null,
            "content_disposition": "",
            "content_encoding": "",
            "content_language": "",
            "content_type": "image/jpeg",
            "etag": "9a673852a4191097415989bb2fa09c4b",
            "force_destroy": false,
            "id": "assets/images/1417742-10202418732535817-64037777-o-541x960.jpg",
            "key": "assets/images/1417742-10202418732535817-64037777-o-541x960.jpg",
            "kms_key_id": null,
            "metadata": {},
            "object_lock_legal_hold_status": "",
            "object_lock_mode": "",
            "object_lock_retain_until_date": "",
            "server_side_encryption": "AES256",
            "source": "./content/www.ourbeautifulboy.com//assets/images/1417742-10202418732535817-64037777-o-541x960.jpg",
            "source_hash": null,
            "storage_class": "STANDARD",
            "tags": {},
            "tags_all": {},
            "version_id": "",
            "website_redirect": ""
          },
          "sensitive_attributes": [],
          "private": "bnVsbA==",
          "dependencies": [
            "aws_s3_bucket.www-ourbeautifulboy-com"
          ]
        },
        {
          "index_key": "assets/images/1459672-10202486211102739-65785481-n-960x541.jpg",
          "schema_version": 0,
          "attributes": {
            "acl": "public-read",
            "bucket": "www.ourbeautifulboy.com",
            "bucket_key_enabled": false,
            "cache_control": "",
            "content": null,
            "content_base64": null,
            "content_disposition": "",
            "content_encoding": "",
            "content_language": "",
            "content_type": "image/jpeg",
            "etag": "8c9065c139dae5cd476ec4c9f9231e7a",
            "force_destroy": false,
            "id": "assets/images/1459672-10202486211102739-65785481-n-960x541.jpg",
            "key": "assets/images/1459672-10202486211102739-65785481-n-960x541.jpg",
            "kms_key_id": null,
            "metadata": {},
            "object_lock_legal_hold_status": "",
            "object_lock_mode": "",
            "object_lock_retain_until_date": "",
            "server_side_encryption": "AES256",
            "source": "./content/www.ourbeautifulboy.com//assets/images/1459672-10202486211102739-65785481-n-960x541.jpg",
            "source_hash": null,
            "storage_class": "STANDARD",
            "tags": {},
            "tags_all": {},
            "version_id": "",
            "website_redirect": ""
          },
          "sensitive_attributes": [],
          "private": "bnVsbA==",
          "dependencies": [
            "aws_s3_bucket.www-ourbeautifulboy-com"
          ]
        },
        {
          "index_key": "assets/images/14617-10152741089155749-7431808543039571060-n-640x640.jpg",
          "schema_version": 0,
          "attributes": {
            "acl": "public-read",
            "bucket": "www.ourbeautifulboy.com",
            "bucket_key_enabled": false,
            "cache_control": "",
            "content": null,
            "content_base64": null,
            "content_disposition": "",
            "content_encoding": "",
            "content_language": "",
            "content_type": "image/jpeg",
            "etag": "21fc6226ec06a8d03edca72dcfa9f988",
            "force_destroy": false,
            "id": "assets/images/14617-10152741089155749-7431808543039571060-n-640x640.jpg",
            "key": "assets/images/14617-10152741089155749-7431808543039571060-n-640x640.jpg",
            "kms_key_id": null,
            "metadata": {},
            "object_lock_legal_hold_status": "",
            "object_lock_mode": "",
            "object_lock_retain_until_date": "",
            "server_side_encryption": "AES256",
            "source": "./content/www.ourbeautifulboy.com//assets/images/14617-10152741089155749-7431808543039571060-n-640x640.jpg",
            "source_hash": null,
            "storage_class": "STANDARD",
            "tags": {},
            "tags_all": {},
            "version_id": "",
            "website_redirect": ""
          },
          "sensitive_attributes": [],
          "private": "bnVsbA==",
          "dependencies": [
            "aws_s3_bucket.www-ourbeautifulboy-com"
          ]
        },
        {
          "index_key": "assets/images/14632985-10210791059478507-6406619444465560559-n-960x720.jpg",
          "schema_version": 0,
          "attributes": {
            "acl": "public-read",
            "bucket": "www.ourbeautifulboy.com",
            "bucket_key_enabled": false,
            "cache_control": "",
            "content": null,
            "content_base64": null,
            "content_disposition": "",
            "content_encoding": "",
            "content_language": "",
            "content_type": "image/jpeg",
            "etag": "8e85abce1f07c4a58af14424b746963d",
            "force_destroy": false,
            "id": "assets/images/14632985-10210791059478507-6406619444465560559-n-960x720.jpg",
            "key": "assets/images/14632985-10210791059478507-6406619444465560559-n-960x720.jpg",
            "kms_key_id": null,
            "metadata": {},
            "object_lock_legal_hold_status": "",
            "object_lock_mode": "",
            "object_lock_retain_until_date": "",
            "server_side_encryption": "AES256",
            "source": "./content/www.ourbeautifulboy.com//assets/images/14632985-10210791059478507-6406619444465560559-n-960x720.jpg",
            "source_hash": null,
            "storage_class": "STANDARD",
            "tags": {},
            "tags_all": {},
            "version_id": "",
            "website_redirect": ""
          },
          "sensitive_attributes": [],
          "private": "bnVsbA==",
          "dependencies": [
            "aws_s3_bucket.www-ourbeautifulboy-com"
          ]
        },
        {
          "index_key": "assets/images/1463488-10151806204965749-1048076485-n-640x640.jpg",
          "schema_version": 0,
          "attributes": {
            "acl": "public-read",
            "bucket": "www.ourbeautifulboy.com",
            "bucket_key_enabled": false,
            "cache_control": "",
            "content": null,
            "content_base64": null,
            "content_disposition": "",
            "content_encoding": "",
            "content_language": "",
            "content_type": "image/jpeg",
            "etag": "75d909b5737844ca234c323660c82f2e",
            "force_destroy": false,
            "id": "assets/images/1463488-10151806204965749-1048076485-n-640x640.jpg",
            "key": "assets/images/1463488-10151806204965749-1048076485-n-640x640.jpg",
            "kms_key_id": null,
            "metadata": {},
            "object_lock_legal_hold_status": "",
            "object_lock_mode": "",
            "object_lock_retain_until_date": "",
            "server_side_encryption": "AES256",
            "source": "./content/www.ourbeautifulboy.com//assets/images/1463488-10151806204965749-1048076485-n-640x640.jpg",
            "source_hash": null,
            "storage_class": "STANDARD",
            "tags": {},
            "tags_all": {},
            "version_id": "",
            "website_redirect": ""
          },
          "sensitive_attributes": [],
          "private": "bnVsbA==",
          "dependencies": [
            "aws_s3_bucket.www-ourbeautifulboy-com"
          ]
        },
        {
          "index_key": "assets/images/14666225-10209439705882680-5473659635812144109-n-960x720.jpg",
          "schema_version": 0,
          "attributes": {
            "acl": "public-read",
            "bucket": "www.ourbeautifulboy.com",
            "bucket_key_enabled": false,
            "cache_control": "",
            "content": null,
            "content_base64": null,
            "content_disposition": "",
            "content_encoding": "",
            "content_language": "",
            "content_type": "image/jpeg",
            "etag": "294777362036b80c88c5899876b98f16",
            "force_destroy": false,
            "id": "assets/images/14666225-10209439705882680-5473659635812144109-n-960x720.jpg",
            "key": "assets/images/14666225-10209439705882680-5473659635812144109-n-960x720.jpg",
            "kms_key_id": null,
            "metadata": {},
            "object_lock_legal_hold_status": "",
            "object_lock_mode": "",
            "object_lock_retain_until_date": "",
            "server_side_encryption": "AES256",
            "source": "./content/www.ourbeautifulboy.com//assets/images/14666225-10209439705882680-5473659635812144109-n-960x720.jpg",
            "source_hash": null,
            "storage_class": "STANDARD",
            "tags": {},
            "tags_all": {},
            "version_id": "",
            "website_redirect": ""
          },
          "sensitive_attributes": [],
          "private": "bnVsbA==",
          "dependencies": [
            "aws_s3_bucket.www-ourbeautifulboy-com"
          ]
        },
        {
          "index_key": "assets/images/1475986-10152567296825749-8047963936109258598-n-640x640.jpg",
          "schema_version": 0,
          "attributes": {
            "acl": "public-read",
            "bucket": "www.ourbeautifulboy.com",
            "bucket_key_enabled": false,
            "cache_control": "",
            "content": null,
            "content_base64": null,
            "content_disposition": "",
            "content_encoding": "",
            "content_language": "",
            "content_type": "image/jpeg",
            "etag": "c3ae0ce5ea500784f090a020f057057d",
            "force_destroy": false,
            "id": "assets/images/1475986-10152567296825749-8047963936109258598-n-640x640.jpg",
            "key": "assets/images/1475986-10152567296825749-8047963936109258598-n-640x640.jpg",
            "kms_key_id": null,
            "metadata": {},
            "object_lock_legal_hold_status": "",
            "object_lock_mode": "",
            "object_lock_retain_until_date": "",
            "server_side_encryption": "AES256",
            "source": "./content/www.ourbeautifulboy.com//assets/images/1475986-10152567296825749-8047963936109258598-n-640x640.jpg",
            "source_hash": null,
            "storage_class": "STANDARD",
            "tags": {},
            "tags_all": {},
            "version_id": "",
            "website_redirect": ""
          },
          "sensitive_attributes": [],
          "private": "bnVsbA==",
          "dependencies": [
            "aws_s3_bucket.www-ourbeautifulboy-com"
          ]
        },
        {
          "index_key": "assets/images/14876464-10211148269125049-8077406009751992602-o-1440x810.jpg",
          "schema_version": 0,
          "attributes": {
            "acl": "public-read",
            "bucket": "www.ourbeautifulboy.com",
            "bucket_key_enabled": false,
            "cache_control": "",
            "content": null,
            "content_base64": null,
            "content_disposition": "",
            "content_encoding": "",
            "content_language": "",
            "content_type": "image/jpeg",
            "etag": "3ae869cd3e76390d801839bf9ff6831c",
            "force_destroy": false,
            "id": "assets/images/14876464-10211148269125049-8077406009751992602-o-1440x810.jpg",
            "key": "assets/images/14876464-10211148269125049-8077406009751992602-o-1440x810.jpg",
            "kms_key_id": null,
            "metadata": {},
            "object_lock_legal_hold_status": "",
            "object_lock_mode": "",
            "object_lock_retain_until_date": "",
            "server_side_encryption": "AES256",
            "source": "./content/www.ourbeautifulboy.com//assets/images/14876464-10211148269125049-8077406009751992602-o-1440x810.jpg",
            "source_hash": null,
            "storage_class": "STANDARD",
            "tags": {},
            "tags_all": {},
            "version_id": "",
            "website_redirect": ""
          },
          "sensitive_attributes": [],
          "private": "bnVsbA==",
          "dependencies": [
            "aws_s3_bucket.www-ourbeautifulboy-com"
          ]
        },
        {
          "index_key": "assets/images/14908407-10207592162030286-4365012345151667702-n-960x720.jpg",
          "schema_version": 0,
          "attributes": {
            "acl": "public-read",
            "bucket": "www.ourbeautifulboy.com",
            "bucket_key_enabled": false,
            "cache_control": "",
            "content": null,
            "content_base64": null,
            "content_disposition": "",
            "content_encoding": "",
            "content_language": "",
            "content_type": "image/jpeg",
            "etag": "e7d1ca82916040aafde4da3f227bb0c4",
            "force_destroy": false,
            "id": "assets/images/14908407-10207592162030286-4365012345151667702-n-960x720.jpg",
            "key": "assets/images/14908407-10207592162030286-4365012345151667702-n-960x720.jpg",
            "kms_key_id": null,
            "metadata": {},
            "object_lock_legal_hold_status": "",
            "object_lock_mode": "",
            "object_lock_retain_until_date": "",
            "server_side_encryption": "AES256",
            "source": "./content/www.ourbeautifulboy.com//assets/images/14908407-10207592162030286-4365012345151667702-n-960x720.jpg",
            "source_hash": null,
            "storage_class": "STANDARD",
            "tags": {},
            "tags_all": {},
            "version_id": "",
            "website_redirect": ""
          },
          "sensitive_attributes": [],
          "private": "bnVsbA==",
          "dependencies": [
            "aws_s3_bucket.www-ourbeautifulboy-com"
          ]
        },
        {
          "index_key": "assets/images/1496230-10202526700954960-87293605-o-541x960.jpg",
          "schema_version": 0,
          "attributes": {
            "acl": "public-read",
            "bucket": "www.ourbeautifulboy.com",
            "bucket_key_enabled": false,
            "cache_control": "",
            "content": null,
            "content_base64": null,
            "content_disposition": "",
            "content_encoding": "",
            "content_language": "",
            "content_type": "image/jpeg",
            "etag": "f99be188a6e13cd4af700991d740fd94",
            "force_destroy": false,
            "id": "assets/images/1496230-10202526700954960-87293605-o-541x960.jpg",
            "key": "assets/images/1496230-10202526700954960-87293605-o-541x960.jpg",
            "kms_key_id": null,
            "metadata": {},
            "object_lock_legal_hold_status": "",
            "object_lock_mode": "",
            "object_lock_retain_until_date": "",
            "server_side_encryption": "AES256",
            "source": "./content/www.ourbeautifulboy.com//assets/images/1496230-10202526700954960-87293605-o-541x960.jpg",
            "source_hash": null,
            "storage_class": "STANDARD",
            "tags": {},
            "tags_all": {},
            "version_id": "",
            "website_redirect": ""
          },
          "sensitive_attributes": [],
          "private": "bnVsbA==",
          "dependencies": [
            "aws_s3_bucket.www-ourbeautifulboy-com"
          ]
        },
        {
          "index_key": "assets/images/1503334-10152062839530749-987376213-n-640x640.jpg",
          "schema_version": 0,
          "attributes": {
            "acl": "public-read",
            "bucket": "www.ourbeautifulboy.com",
            "bucket_key_enabled": false,
            "cache_control": "",
            "content": null,
            "content_base64": null,
            "content_disposition": "",
            "content_encoding": "",
            "content_language": "",
            "content_type": "image/jpeg",
            "etag": "aa824332a92b1551f29076a7af876e39",
            "force_destroy": false,
            "id": "assets/images/1503334-10152062839530749-987376213-n-640x640.jpg",
            "key": "assets/images/1503334-10152062839530749-987376213-n-640x640.jpg",
            "kms_key_id": null,
            "metadata": {},
            "object_lock_legal_hold_status": "",
            "object_lock_mode": "",
            "object_lock_retain_until_date": "",
            "server_side_encryption": "AES256",
            "source": "./content/www.ourbeautifulboy.com//assets/images/1503334-10152062839530749-987376213-n-640x640.jpg",
            "source_hash": null,
            "storage_class": "STANDARD",
            "tags": {},
            "tags_all": {},
            "version_id": "",
            "website_redirect": ""
          },
          "sensitive_attributes": [],
          "private": "bnVsbA==",
          "dependencies": [
            "aws_s3_bucket.www-ourbeautifulboy-com"
          ]
        },
        {
          "index_key": "assets/images/1509705-10152567363465749-8131982587281966674-n-640x640.jpg",
          "schema_version": 0,
          "attributes": {
            "acl": "public-read",
            "bucket": "www.ourbeautifulboy.com",
            "bucket_key_enabled": false,
            "cache_control": "",
            "content": null,
            "content_base64": null,
            "content_disposition": "",
            "content_encoding": "",
            "content_language": "",
            "content_type": "image/jpeg",
            "etag": "9739f85bfeb2d46805aaba3fbf26c41f",
            "force_destroy": false,
            "id": "assets/images/1509705-10152567363465749-8131982587281966674-n-640x640.jpg",
            "key": "assets/images/1509705-10152567363465749-8131982587281966674-n-640x640.jpg",
            "kms_key_id": null,
            "metadata": {},
            "object_lock_legal_hold_status": "",
            "object_lock_mode": "",
            "object_lock_retain_until_date": "",
            "server_side_encryption": "AES256",
            "source": "./content/www.ourbeautifulboy.com//assets/images/1509705-10152567363465749-8131982587281966674-n-640x640.jpg",
            "source_hash": null,
            "storage_class": "STANDARD",
            "tags": {},
            "tags_all": {},
            "version_id": "",
            "website_redirect": ""
          },
          "sensitive_attributes": [],
          "private": "bnVsbA==",
          "dependencies": [
            "aws_s3_bucket.www-ourbeautifulboy-com"
          ]
        },
        {
          "index_key": "assets/images/1524804-10151916167640749-79965263-n-640x640.jpg",
          "schema_version": 0,
          "attributes": {
            "acl": "public-read",
            "bucket": "www.ourbeautifulboy.com",
            "bucket_key_enabled": false,
            "cache_control": "",
            "content": null,
            "content_base64": null,
            "content_disposition": "",
            "content_encoding": "",
            "content_language": "",
            "content_type": "image/jpeg",
            "etag": "ed9d8685cdf75fda192e976964eca2fe",
            "force_destroy": false,
            "id": "assets/images/1524804-10151916167640749-79965263-n-640x640.jpg",
            "key": "assets/images/1524804-10151916167640749-79965263-n-640x640.jpg",
            "kms_key_id": null,
            "metadata": {},
            "object_lock_legal_hold_status": "",
            "object_lock_mode": "",
            "object_lock_retain_until_date": "",
            "server_side_encryption": "AES256",
            "source": "./content/www.ourbeautifulboy.com//assets/images/1524804-10151916167640749-79965263-n-640x640.jpg",
            "source_hash": null,
            "storage_class": "STANDARD",
            "tags": {},
            "tags_all": {},
            "version_id": "",
            "website_redirect": ""
          },
          "sensitive_attributes": [],
          "private": "bnVsbA==",
          "dependencies": [
            "aws_s3_bucket.www-ourbeautifulboy-com"
          ]
        },
        {
          "index_key": "assets/images/1526821-10151920919560749-873348273-n-640x640.jpg",
          "schema_version": 0,
          "attributes": {
            "acl": "public-read",
            "bucket": "www.ourbeautifulboy.com",
            "bucket_key_enabled": false,
            "cache_control": "",
            "content": null,
            "content_base64": null,
            "content_disposition": "",
            "content_encoding": "",
            "content_language": "",
            "content_type": "image/jpeg",
            "etag": "d2a1ac8870c0e3f599505bfc0750d31c",
            "force_destroy": false,
            "id": "assets/images/1526821-10151920919560749-873348273-n-640x640.jpg",
            "key": "assets/images/1526821-10151920919560749-873348273-n-640x640.jpg",
            "kms_key_id": null,
            "metadata": {},
            "object_lock_legal_hold_status": "",
            "object_lock_mode": "",
            "object_lock_retain_until_date": "",
            "server_side_encryption": "AES256",
            "source": "./content/www.ourbeautifulboy.com//assets/images/1526821-10151920919560749-873348273-n-640x640.jpg",
            "source_hash": null,
            "storage_class": "STANDARD",
            "tags": {},
            "tags_all": {},
            "version_id": "",
            "website_redirect": ""
          },
          "sensitive_attributes": [],
          "private": "bnVsbA==",
          "dependencies": [
            "aws_s3_bucket.www-ourbeautifulboy-com"
          ]
        },
        {
          "index_key": "assets/images/1535453-10202809100977834-1987317472-n-717x960.jpg",
          "schema_version": 0,
          "attributes": {
            "acl": "public-read",
            "bucket": "www.ourbeautifulboy.com",
            "bucket_key_enabled": false,
            "cache_control": "",
            "content": null,
            "content_base64": null,
            "content_disposition": "",
            "content_encoding": "",
            "content_language": "",
            "content_type": "image/jpeg",
            "etag": "1584402df450b08b68fa9e19b773bb61",
            "force_destroy": false,
            "id": "assets/images/1535453-10202809100977834-1987317472-n-717x960.jpg",
            "key": "assets/images/1535453-10202809100977834-1987317472-n-717x960.jpg",
            "kms_key_id": null,
            "metadata": {},
            "object_lock_legal_hold_status": "",
            "object_lock_mode": "",
            "object_lock_retain_until_date": "",
            "server_side_encryption": "AES256",
            "source": "./content/www.ourbeautifulboy.com//assets/images/1535453-10202809100977834-1987317472-n-717x960.jpg",
            "source_hash": null,
            "storage_class": "STANDARD",
            "tags": {},
            "tags_all": {},
            "version_id": "",
            "website_redirect": ""
          },
          "sensitive_attributes": [],
          "private": "bnVsbA==",
          "dependencies": [
            "aws_s3_bucket.www-ourbeautifulboy-com"
          ]
        },
        {
          "index_key": "assets/images/1538908-10151916157865749-1071322187-n-640x640.jpg",
          "schema_version": 0,
          "attributes": {
            "acl": "public-read",
            "bucket": "www.ourbeautifulboy.com",
            "bucket_key_enabled": false,
            "cache_control": "",
            "content": null,
            "content_base64": null,
            "content_disposition": "",
            "content_encoding": "",
            "content_language": "",
            "content_type": "image/jpeg",
            "etag": "5c61bf8afe431b03b11326dda0362a35",
            "force_destroy": false,
            "id": "assets/images/1538908-10151916157865749-1071322187-n-640x640.jpg",
            "key": "assets/images/1538908-10151916157865749-1071322187-n-640x640.jpg",
            "kms_key_id": null,
            "metadata": {},
            "object_lock_legal_hold_status": "",
            "object_lock_mode": "",
            "object_lock_retain_until_date": "",
            "server_side_encryption": "AES256",
            "source": "./content/www.ourbeautifulboy.com//assets/images/1538908-10151916157865749-1071322187-n-640x640.jpg",
            "source_hash": null,
            "storage_class": "STANDARD",
            "tags": {},
            "tags_all": {},
            "version_id": "",
            "website_redirect": ""
          },
          "sensitive_attributes": [],
          "private": "bnVsbA==",
          "dependencies": [
            "aws_s3_bucket.www-ourbeautifulboy-com"
          ]
        },
        {
          "index_key": "assets/images/1542-10201238727479478-2113007683-n-716x960.jpg",
          "schema_version": 0,
          "attributes": {
            "acl": "public-read",
            "bucket": "www.ourbeautifulboy.com",
            "bucket_key_enabled": false,
            "cache_control": "",
            "content": null,
            "content_base64": null,
            "content_disposition": "",
            "content_encoding": "",
            "content_language": "",
            "content_type": "image/jpeg",
            "etag": "6c94843ff47bb8d96473cf3876e48c72",
            "force_destroy": false,
            "id": "assets/images/1542-10201238727479478-2113007683-n-716x960.jpg",
            "key": "assets/images/1542-10201238727479478-2113007683-n-716x960.jpg",
            "kms_key_id": null,
            "metadata": {},
            "object_lock_legal_hold_status": "",
            "object_lock_mode": "",
            "object_lock_retain_until_date": "",
            "server_side_encryption": "AES256",
            "source": "./content/www.ourbeautifulboy.com//assets/images/1542-10201238727479478-2113007683-n-716x960.jpg",
            "source_hash": null,
            "storage_class": "STANDARD",
            "tags": {},
            "tags_all": {},
            "version_id": "",
            "website_redirect": ""
          },
          "sensitive_attributes": [],
          "private": "bnVsbA==",
          "dependencies": [
            "aws_s3_bucket.www-ourbeautifulboy-com"
          ]
        },
        {
          "index_key": "assets/images/15594-10151214492110749-2004052321-n-612x612.jpg",
          "schema_version": 0,
          "attributes": {
            "acl": "public-read",
            "bucket": "www.ourbeautifulboy.com",
            "bucket_key_enabled": false,
            "cache_control": "",
            "content": null,
            "content_base64": null,
            "content_disposition": "",
            "content_encoding": "",
            "content_language": "",
            "content_type": "image/jpeg",
            "etag": "bc5a7d5554e45ddaaac07fa8bba4768a",
            "force_destroy": false,
            "id": "assets/images/15594-10151214492110749-2004052321-n-612x612.jpg",
            "key": "assets/images/15594-10151214492110749-2004052321-n-612x612.jpg",
            "kms_key_id": null,
            "metadata": {},
            "object_lock_legal_hold_status": "",
            "object_lock_mode": "",
            "object_lock_retain_until_date": "",
            "server_side_encryption": "AES256",
            "source": "./content/www.ourbeautifulboy.com//assets/images/15594-10151214492110749-2004052321-n-612x612.jpg",
            "source_hash": null,
            "storage_class": "STANDARD",
            "tags": {},
            "tags_all": {},
            "version_id": "",
            "website_redirect": ""
          },
          "sensitive_attributes": [],
          "private": "bnVsbA==",
          "dependencies": [
            "aws_s3_bucket.www-ourbeautifulboy-com"
          ]
        },
        {
          "index_key": "assets/images/1621844-10152567311595749-4804422906031905289-n-640x640.jpg",
          "schema_version": 0,
          "attributes": {
            "acl": "public-read",
            "bucket": "www.ourbeautifulboy.com",
            "bucket_key_enabled": false,
            "cache_control": "",
            "content": null,
            "content_base64": null,
            "content_disposition": "",
            "content_encoding": "",
            "content_language": "",
            "content_type": "image/jpeg",
            "etag": "ebc79a877139307bc0d8b0a47e7666ab",
            "force_destroy": false,
            "id": "assets/images/1621844-10152567311595749-4804422906031905289-n-640x640.jpg",
            "key": "assets/images/1621844-10152567311595749-4804422906031905289-n-640x640.jpg",
            "kms_key_id": null,
            "metadata": {},
            "object_lock_legal_hold_status": "",
            "object_lock_mode": "",
            "object_lock_retain_until_date": "",
            "server_side_encryption": "AES256",
            "source": "./content/www.ourbeautifulboy.com//assets/images/1621844-10152567311595749-4804422906031905289-n-640x640.jpg",
            "source_hash": null,
            "storage_class": "STANDARD",
            "tags": {},
            "tags_all": {},
            "version_id": "",
            "website_redirect": ""
          },
          "sensitive_attributes": [],
          "private": "bnVsbA==",
          "dependencies": [
            "aws_s3_bucket.www-ourbeautifulboy-com"
          ]
        },
        {
          "index_key": "assets/images/17321-10200819173267835-85874138-n-720x960.jpg",
          "schema_version": 0,
          "attributes": {
            "acl": "public-read",
            "bucket": "www.ourbeautifulboy.com",
            "bucket_key_enabled": false,
            "cache_control": "",
            "content": null,
            "content_base64": null,
            "content_disposition": "",
            "content_encoding": "",
            "content_language": "",
            "content_type": "image/jpeg",
            "etag": "02458ae7844adc0f00b621c1ff7c39ef",
            "force_destroy": false,
            "id": "assets/images/17321-10200819173267835-85874138-n-720x960.jpg",
            "key": "assets/images/17321-10200819173267835-85874138-n-720x960.jpg",
            "kms_key_id": null,
            "metadata": {},
            "object_lock_legal_hold_status": "",
            "object_lock_mode": "",
            "object_lock_retain_until_date": "",
            "server_side_encryption": "AES256",
            "source": "./content/www.ourbeautifulboy.com//assets/images/17321-10200819173267835-85874138-n-720x960.jpg",
            "source_hash": null,
            "storage_class": "STANDARD",
            "tags": {},
            "tags_all": {},
            "version_id": "",
            "website_redirect": ""
          },
          "sensitive_attributes": [],
          "private": "bnVsbA==",
          "dependencies": [
            "aws_s3_bucket.www-ourbeautifulboy-com"
          ]
        },
        {
          "index_key": "assets/images/1796571-10151958879860749-312463100-n-640x640.jpg",
          "schema_version": 0,
          "attributes": {
            "acl": "public-read",
            "bucket": "www.ourbeautifulboy.com",
            "bucket_key_enabled": false,
            "cache_control": "",
            "content": null,
            "content_base64": null,
            "content_disposition": "",
            "content_encoding": "",
            "content_language": "",
            "content_type": "image/jpeg",
            "etag": "858ff9ec7625146f2506816a5e4c7a7e",
            "force_destroy": false,
            "id": "assets/images/1796571-10151958879860749-312463100-n-640x640.jpg",
            "key": "assets/images/1796571-10151958879860749-312463100-n-640x640.jpg",
            "kms_key_id": null,
            "metadata": {},
            "object_lock_legal_hold_status": "",
            "object_lock_mode": "",
            "object_lock_retain_until_date": "",
            "server_side_encryption": "AES256",
            "source": "./content/www.ourbeautifulboy.com//assets/images/1796571-10151958879860749-312463100-n-640x640.jpg",
            "source_hash": null,
            "storage_class": "STANDARD",
            "tags": {},
            "tags_all": {},
            "version_id": "",
            "website_redirect": ""
          },
          "sensitive_attributes": [],
          "private": "bnVsbA==",
          "dependencies": [
            "aws_s3_bucket.www-ourbeautifulboy-com"
          ]
        },
        {
          "index_key": "assets/images/20121212-123358-1044x1392.jpg",
          "schema_version": 0,
          "attributes": {
            "acl": "public-read",
            "bucket": "www.ourbeautifulboy.com",
            "bucket_key_enabled": false,
            "cache_control": "",
            "content": null,
            "content_base64": null,
            "content_disposition": "",
            "content_encoding": "",
            "content_language": "",
            "content_type": "image/jpeg",
            "etag": "f68defd3a385cacb6328785fd399ac85",
            "force_destroy": false,
            "id": "assets/images/20121212-123358-1044x1392.jpg",
            "key": "assets/images/20121212-123358-1044x1392.jpg",
            "kms_key_id": null,
            "metadata": {},
            "object_lock_legal_hold_status": "",
            "object_lock_mode": "",
            "object_lock_retain_until_date": "",
            "server_side_encryption": "AES256",
            "source": "./content/www.ourbeautifulboy.com//assets/images/20121212-123358-1044x1392.jpg",
            "source_hash": null,
            "storage_class": "STANDARD",
            "tags": {},
            "tags_all": {},
            "version_id": "",
            "website_redirect": ""
          },
          "sensitive_attributes": [],
          "private": "bnVsbA==",
          "dependencies": [
            "aws_s3_bucket.www-ourbeautifulboy-com"
          ]
        },
        {
          "index_key": "assets/images/20121212-123359-1350x1800.jpg",
          "schema_version": 0,
          "attributes": {
            "acl": "public-read",
            "bucket": "www.ourbeautifulboy.com",
            "bucket_key_enabled": false,
            "cache_control": "",
            "content": null,
            "content_base64": null,
            "content_disposition": "",
            "content_encoding": "",
            "content_language": "",
            "content_type": "image/jpeg",
            "etag": "4f622206a71b2a0a0e4e90a1ac26ad61",
            "force_destroy": false,
            "id": "assets/images/20121212-123359-1350x1800.jpg",
            "key": "assets/images/20121212-123359-1350x1800.jpg",
            "kms_key_id": null,
            "metadata": {},
            "object_lock_legal_hold_status": "",
            "object_lock_mode": "",
            "object_lock_retain_until_date": "",
            "server_side_encryption": "AES256",
            "source": "./content/www.ourbeautifulboy.com//assets/images/20121212-123359-1350x1800.jpg",
            "source_hash": null,
            "storage_class": "STANDARD",
            "tags": {},
            "tags_all": {},
            "version_id": "",
            "website_redirect": ""
          },
          "sensitive_attributes": [],
          "private": "bnVsbA==",
          "dependencies": [
            "aws_s3_bucket.www-ourbeautifulboy-com"
          ]
        },
        {
          "index_key": "assets/images/20121212-123834-1044x783.jpeg",
          "schema_version": 0,
          "attributes": {
            "acl": "public-read",
            "bucket": "www.ourbeautifulboy.com",
            "bucket_key_enabled": false,
            "cache_control": "",
            "content": null,
            "content_base64": null,
            "content_disposition": "",
            "content_encoding": "",
            "content_language": "",
            "content_type": "image/jpeg",
            "etag": "79d3c00fe8387926dc254c165a177346",
            "force_destroy": false,
            "id": "assets/images/20121212-123834-1044x783.jpeg",
            "key": "assets/images/20121212-123834-1044x783.jpeg",
            "kms_key_id": null,
            "metadata": {},
            "object_lock_legal_hold_status": "",
            "object_lock_mode": "",
            "object_lock_retain_until_date": "",
            "server_side_encryption": "AES256",
            "source": "./content/www.ourbeautifulboy.com//assets/images/20121212-123834-1044x783.jpeg",
            "source_hash": null,
            "storage_class": "STANDARD",
            "tags": {},
            "tags_all": {},
            "version_id": "",
            "website_redirect": ""
          },
          "sensitive_attributes": [],
          "private": "bnVsbA==",
          "dependencies": [
            "aws_s3_bucket.www-ourbeautifulboy-com"
          ]
        },
        {
          "index_key": "assets/images/20121212-123834-1478x1109.jpg",
          "schema_version": 0,
          "attributes": {
            "acl": "public-read",
            "bucket": "www.ourbeautifulboy.com",
            "bucket_key_enabled": false,
            "cache_control": "",
            "content": null,
            "content_base64": null,
            "content_disposition": "",
            "content_encoding": "",
            "content_language": "",
            "content_type": "image/jpeg",
            "etag": "9af41b10d296e2dfac2d579383b98305",
            "force_destroy": false,
            "id": "assets/images/20121212-123834-1478x1109.jpg",
            "key": "assets/images/20121212-123834-1478x1109.jpg",
            "kms_key_id": null,
            "metadata": {},
            "object_lock_legal_hold_status": "",
            "object_lock_mode": "",
            "object_lock_retain_until_date": "",
            "server_side_encryption": "AES256",
            "source": "./content/www.ourbeautifulboy.com//assets/images/20121212-123834-1478x1109.jpg",
            "source_hash": null,
            "storage_class": "STANDARD",
            "tags": {},
            "tags_all": {},
            "version_id": "",
            "website_redirect": ""
          },
          "sensitive_attributes": [],
          "private": "bnVsbA==",
          "dependencies": [
            "aws_s3_bucket.www-ourbeautifulboy-com"
          ]
        },
        {
          "index_key": "assets/images/20121212-124033-1044x783.jpg",
          "schema_version": 0,
          "attributes": {
            "acl": "public-read",
            "bucket": "www.ourbeautifulboy.com",
            "bucket_key_enabled": false,
            "cache_control": "",
            "content": null,
            "content_base64": null,
            "content_disposition": "",
            "content_encoding": "",
            "content_language": "",
            "content_type": "image/jpeg",
            "etag": "03185fbc5d1c63dcb47e791decb95ac3",
            "force_destroy": false,
            "id": "assets/images/20121212-124033-1044x783.jpg",
            "key": "assets/images/20121212-124033-1044x783.jpg",
            "kms_key_id": null,
            "metadata": {},
            "object_lock_legal_hold_status": "",
            "object_lock_mode": "",
            "object_lock_retain_until_date": "",
            "server_side_encryption": "AES256",
            "source": "./content/www.ourbeautifulboy.com//assets/images/20121212-124033-1044x783.jpg",
            "source_hash": null,
            "storage_class": "STANDARD",
            "tags": {},
            "tags_all": {},
            "version_id": "",
            "website_redirect": ""
          },
          "sensitive_attributes": [],
          "private": "bnVsbA==",
          "dependencies": [
            "aws_s3_bucket.www-ourbeautifulboy-com"
          ]
        },
        {
          "index_key": "assets/images/20121212-124033-1478x1109.jpg",
          "schema_version": 0,
          "attributes": {
            "acl": "public-read",
            "bucket": "www.ourbeautifulboy.com",
            "bucket_key_enabled": false,
            "cache_control": "",
            "content": null,
            "content_base64": null,
            "content_disposition": "",
            "content_encoding": "",
            "content_language": "",
            "content_type": "image/jpeg",
            "etag": "557f091d6a52610111596220cbda2628",
            "force_destroy": false,
            "id": "assets/images/20121212-124033-1478x1109.jpg",
            "key": "assets/images/20121212-124033-1478x1109.jpg",
            "kms_key_id": null,
            "metadata": {},
            "object_lock_legal_hold_status": "",
            "object_lock_mode": "",
            "object_lock_retain_until_date": "",
            "server_side_encryption": "AES256",
            "source": "./content/www.ourbeautifulboy.com//assets/images/20121212-124033-1478x1109.jpg",
            "source_hash": null,
            "storage_class": "STANDARD",
            "tags": {},
            "tags_all": {},
            "version_id": "",
            "website_redirect": ""
          },
          "sensitive_attributes": [],
          "private": "bnVsbA==",
          "dependencies": [
            "aws_s3_bucket.www-ourbeautifulboy-com"
          ]
        },
        {
          "index_key": "assets/images/20121213-143636-384x512.jpg",
          "schema_version": 0,
          "attributes": {
            "acl": "public-read",
            "bucket": "www.ourbeautifulboy.com",
            "bucket_key_enabled": false,
            "cache_control": "",
            "content": null,
            "content_base64": null,
            "content_disposition": "",
            "content_encoding": "",
            "content_language": "",
            "content_type": "image/jpeg",
            "etag": "7d02d87d6794bab2dcc1a497b0fc1faa",
            "force_destroy": false,
            "id": "assets/images/20121213-143636-384x512.jpg",
            "key": "assets/images/20121213-143636-384x512.jpg",
            "kms_key_id": null,
            "metadata": {},
            "object_lock_legal_hold_status": "",
            "object_lock_mode": "",
            "object_lock_retain_until_date": "",
            "server_side_encryption": "AES256",
            "source": "./content/www.ourbeautifulboy.com//assets/images/20121213-143636-384x512.jpg",
            "source_hash": null,
            "storage_class": "STANDARD",
            "tags": {},
            "tags_all": {},
            "version_id": "",
            "website_redirect": ""
          },
          "sensitive_attributes": [],
          "private": "bnVsbA==",
          "dependencies": [
            "aws_s3_bucket.www-ourbeautifulboy-com"
          ]
        },
        {
          "index_key": "assets/images/20121213-143655-384x512.jpg",
          "schema_version": 0,
          "attributes": {
            "acl": "public-read",
            "bucket": "www.ourbeautifulboy.com",
            "bucket_key_enabled": false,
            "cache_control": "",
            "content": null,
            "content_base64": null,
            "content_disposition": "",
            "content_encoding": "",
            "content_language": "",
            "content_type": "image/jpeg",
            "etag": "3abfaf53eefa98e3e70876f7fb48fd13",
            "force_destroy": false,
            "id": "assets/images/20121213-143655-384x512.jpg",
            "key": "assets/images/20121213-143655-384x512.jpg",
            "kms_key_id": null,
            "metadata": {},
            "object_lock_legal_hold_status": "",
            "object_lock_mode": "",
            "object_lock_retain_until_date": "",
            "server_side_encryption": "AES256",
            "source": "./content/www.ourbeautifulboy.com//assets/images/20121213-143655-384x512.jpg",
            "source_hash": null,
            "storage_class": "STANDARD",
            "tags": {},
            "tags_all": {},
            "version_id": "",
            "website_redirect": ""
          },
          "sensitive_attributes": [],
          "private": "bnVsbA==",
          "dependencies": [
            "aws_s3_bucket.www-ourbeautifulboy-com"
          ]
        },
        {
          "index_key": "assets/images/20150603-195242-1-288x512.jpg",
          "schema_version": 0,
          "attributes": {
            "acl": "public-read",
            "bucket": "www.ourbeautifulboy.com",
            "bucket_key_enabled": false,
            "cache_control": "",
            "content": null,
            "content_base64": null,
            "content_disposition": "",
            "content_encoding": "",
            "content_language": "",
            "content_type": "image/jpeg",
            "etag": "a808f31b2792c9af2227b4771d53aa73",
            "force_destroy": false,
            "id": "assets/images/20150603-195242-1-288x512.jpg",
            "key": "assets/images/20150603-195242-1-288x512.jpg",
            "kms_key_id": null,
            "metadata": {},
            "object_lock_legal_hold_status": "",
            "object_lock_mode": "",
            "object_lock_retain_until_date": "",
            "server_side_encryption": "AES256",
            "source": "./content/www.ourbeautifulboy.com//assets/images/20150603-195242-1-288x512.jpg",
            "source_hash": null,
            "storage_class": "STANDARD",
            "tags": {},
            "tags_all": {},
            "version_id": "",
            "website_redirect": ""
          },
          "sensitive_attributes": [],
          "private": "bnVsbA==",
          "dependencies": [
            "aws_s3_bucket.www-ourbeautifulboy-com"
          ]
        },
        {
          "index_key": "assets/images/20150705-200946-288x512.jpg",
          "schema_version": 0,
          "attributes": {
            "acl": "public-read",
            "bucket": "www.ourbeautifulboy.com",
            "bucket_key_enabled": false,
            "cache_control": "",
            "content": null,
            "content_base64": null,
            "content_disposition": "",
            "content_encoding": "",
            "content_language": "",
            "content_type": "image/jpeg",
            "etag": "ab5524bc14f59669aa5c468b0b8a6277",
            "force_destroy": false,
            "id": "assets/images/20150705-200946-288x512.jpg",
            "key": "assets/images/20150705-200946-288x512.jpg",
            "kms_key_id": null,
            "metadata": {},
            "object_lock_legal_hold_status": "",
            "object_lock_mode": "",
            "object_lock_retain_until_date": "",
            "server_side_encryption": "AES256",
            "source": "./content/www.ourbeautifulboy.com//assets/images/20150705-200946-288x512.jpg",
            "source_hash": null,
            "storage_class": "STANDARD",
            "tags": {},
            "tags_all": {},
            "version_id": "",
            "website_redirect": ""
          },
          "sensitive_attributes": [],
          "private": "bnVsbA==",
          "dependencies": [
            "aws_s3_bucket.www-ourbeautifulboy-com"
          ]
        },
        {
          "index_key": "assets/images/217301-10151479209730749-2041491818-n-612x612.jpg",
          "schema_version": 0,
          "attributes": {
            "acl": "public-read",
            "bucket": "www.ourbeautifulboy.com",
            "bucket_key_enabled": false,
            "cache_control": "",
            "content": null,
            "content_base64": null,
            "content_disposition": "",
            "content_encoding": "",
            "content_language": "",
            "content_type": "image/jpeg",
            "etag": "4d9e128231ef679a2fd8b2044c1e3d04",
            "force_destroy": false,
            "id": "assets/images/217301-10151479209730749-2041491818-n-612x612.jpg",
            "key": "assets/images/217301-10151479209730749-2041491818-n-612x612.jpg",
            "kms_key_id": null,
            "metadata": {},
            "object_lock_legal_hold_status": "",
            "object_lock_mode": "",
            "object_lock_retain_until_date": "",
            "server_side_encryption": "AES256",
            "source": "./content/www.ourbeautifulboy.com//assets/images/217301-10151479209730749-2041491818-n-612x612.jpg",
            "source_hash": null,
            "storage_class": "STANDARD",
            "tags": {},
            "tags_all": {},
            "version_id": "",
            "website_redirect": ""
          },
          "sensitive_attributes": [],
          "private": "bnVsbA==",
          "dependencies": [
            "aws_s3_bucket.www-ourbeautifulboy-com"
          ]
        },
        {
          "index_key": "assets/images/285706-10200496470400465-1875101206-n-720x960.jpg",
          "schema_version": 0,
          "attributes": {
            "acl": "public-read",
            "bucket": "www.ourbeautifulboy.com",
            "bucket_key_enabled": false,
            "cache_control": "",
            "content": null,
            "content_base64": null,
            "content_disposition": "",
            "content_encoding": "",
            "content_language": "",
            "content_type": "image/jpeg",
            "etag": "d950daa1d9b9c23a8fb6dde824ec88e8",
            "force_destroy": false,
            "id": "assets/images/285706-10200496470400465-1875101206-n-720x960.jpg",
            "key": "assets/images/285706-10200496470400465-1875101206-n-720x960.jpg",
            "kms_key_id": null,
            "metadata": {},
            "object_lock_legal_hold_status": "",
            "object_lock_mode": "",
            "object_lock_retain_until_date": "",
            "server_side_encryption": "AES256",
            "source": "./content/www.ourbeautifulboy.com//assets/images/285706-10200496470400465-1875101206-n-720x960.jpg",
            "source_hash": null,
            "storage_class": "STANDARD",
            "tags": {},
            "tags_all": {},
            "version_id": "",
            "website_redirect": ""
          },
          "sensitive_attributes": [],
          "private": "bnVsbA==",
          "dependencies": [
            "aws_s3_bucket.www-ourbeautifulboy-com"
          ]
        },
        {
          "index_key": "assets/images/31451-10200458193723572-438440496-n-720x960.jpg",
          "schema_version": 0,
          "attributes": {
            "acl": "public-read",
            "bucket": "www.ourbeautifulboy.com",
            "bucket_key_enabled": false,
            "cache_control": "",
            "content": null,
            "content_base64": null,
            "content_disposition": "",
            "content_encoding": "",
            "content_language": "",
            "content_type": "image/jpeg",
            "etag": "949355a23057cc2a4a4aa34676302729",
            "force_destroy": false,
            "id": "assets/images/31451-10200458193723572-438440496-n-720x960.jpg",
            "key": "assets/images/31451-10200458193723572-438440496-n-720x960.jpg",
            "kms_key_id": null,
            "metadata": {},
            "object_lock_legal_hold_status": "",
            "object_lock_mode": "",
            "object_lock_retain_until_date": "",
            "server_side_encryption": "AES256",
            "source": "./content/www.ourbeautifulboy.com//assets/images/31451-10200458193723572-438440496-n-720x960.jpg",
            "source_hash": null,
            "storage_class": "STANDARD",
            "tags": {},
            "tags_all": {},
            "version_id": "",
            "website_redirect": ""
          },
          "sensitive_attributes": [],
          "private": "bnVsbA==",
          "dependencies": [
            "aws_s3_bucket.www-ourbeautifulboy-com"
          ]
        },
        {
          "index_key": "assets/images/321602-10151426593500749-77356333-n-612x612.jpg",
          "schema_version": 0,
          "attributes": {
            "acl": "public-read",
            "bucket": "www.ourbeautifulboy.com",
            "bucket_key_enabled": false,
            "cache_control": "",
            "content": null,
            "content_base64": null,
            "content_disposition": "",
            "content_encoding": "",
            "content_language": "",
            "content_type": "image/jpeg",
            "etag": "436da721c9d93878c21dd0b7443531de",
            "force_destroy": false,
            "id": "assets/images/321602-10151426593500749-77356333-n-612x612.jpg",
            "key": "assets/images/321602-10151426593500749-77356333-n-612x612.jpg",
            "kms_key_id": null,
            "metadata": {},
            "object_lock_legal_hold_status": "",
            "object_lock_mode": "",
            "object_lock_retain_until_date": "",
            "server_side_encryption": "AES256",
            "source": "./content/www.ourbeautifulboy.com//assets/images/321602-10151426593500749-77356333-n-612x612.jpg",
            "source_hash": null,
            "storage_class": "STANDARD",
            "tags": {},
            "tags_all": {},
            "version_id": "",
            "website_redirect": ""
          },
          "sensitive_attributes": [],
          "private": "bnVsbA==",
          "dependencies": [
            "aws_s3_bucket.www-ourbeautifulboy-com"
          ]
        },
        {
          "index_key": "assets/images/3563-10151427905000749-1965569712-n-612x612.jpg",
          "schema_version": 0,
          "attributes": {
            "acl": "public-read",
            "bucket": "www.ourbeautifulboy.com",
            "bucket_key_enabled": false,
            "cache_control": "",
            "content": null,
            "content_base64": null,
            "content_disposition": "",
            "content_encoding": "",
            "content_language": "",
            "content_type": "image/jpeg",
            "etag": "ed43de1537a8362b40ad8bb84615b49d",
            "force_destroy": false,
            "id": "assets/images/3563-10151427905000749-1965569712-n-612x612.jpg",
            "key": "assets/images/3563-10151427905000749-1965569712-n-612x612.jpg",
            "kms_key_id": null,
            "metadata": {},
            "object_lock_legal_hold_status": "",
            "object_lock_mode": "",
            "object_lock_retain_until_date": "",
            "server_side_encryption": "AES256",
            "source": "./content/www.ourbeautifulboy.com//assets/images/3563-10151427905000749-1965569712-n-612x612.jpg",
            "source_hash": null,
            "storage_class": "STANDARD",
            "tags": {},
            "tags_all": {},
            "version_id": "",
            "website_redirect": ""
          },
          "sensitive_attributes": [],
          "private": "bnVsbA==",
          "dependencies": [
            "aws_s3_bucket.www-ourbeautifulboy-com"
          ]
        },
        {
          "index_key": "assets/images/376690-10200126214744305-135339276-n-720x960.jpg",
          "schema_version": 0,
          "attributes": {
            "acl": "public-read",
            "bucket": "www.ourbeautifulboy.com",
            "bucket_key_enabled": false,
            "cache_control": "",
            "content": null,
            "content_base64": null,
            "content_disposition": "",
            "content_encoding": "",
            "content_language": "",
            "content_type": "image/jpeg",
            "etag": "d9f907c2c7d7775536cfc70d9a7f5d38",
            "force_destroy": false,
            "id": "assets/images/376690-10200126214744305-135339276-n-720x960.jpg",
            "key": "assets/images/376690-10200126214744305-135339276-n-720x960.jpg",
            "kms_key_id": null,
            "metadata": {},
            "object_lock_legal_hold_status": "",
            "object_lock_mode": "",
            "object_lock_retain_until_date": "",
            "server_side_encryption": "AES256",
            "source": "./content/www.ourbeautifulboy.com//assets/images/376690-10200126214744305-135339276-n-720x960.jpg",
            "source_hash": null,
            "storage_class": "STANDARD",
            "tags": {},
            "tags_all": {},
            "version_id": "",
            "website_redirect": ""
          },
          "sensitive_attributes": [],
          "private": "bnVsbA==",
          "dependencies": [
            "aws_s3_bucket.www-ourbeautifulboy-com"
          ]
        },
        {
          "index_key": "assets/images/379324-10200252817309290-955029960-n-960x720.jpg",
          "schema_version": 0,
          "attributes": {
            "acl": "public-read",
            "bucket": "www.ourbeautifulboy.com",
            "bucket_key_enabled": false,
            "cache_control": "",
            "content": null,
            "content_base64": null,
            "content_disposition": "",
            "content_encoding": "",
            "content_language": "",
            "content_type": "image/jpeg",
            "etag": "6b8011401e07c1843112a29422b53e5a",
            "force_destroy": false,
            "id": "assets/images/379324-10200252817309290-955029960-n-960x720.jpg",
            "key": "assets/images/379324-10200252817309290-955029960-n-960x720.jpg",
            "kms_key_id": null,
            "metadata": {},
            "object_lock_legal_hold_status": "",
            "object_lock_mode": "",
            "object_lock_retain_until_date": "",
            "server_side_encryption": "AES256",
            "source": "./content/www.ourbeautifulboy.com//assets/images/379324-10200252817309290-955029960-n-960x720.jpg",
            "source_hash": null,
            "storage_class": "STANDARD",
            "tags": {},
            "tags_all": {},
            "version_id": "",
            "website_redirect": ""
          },
          "sensitive_attributes": [],
          "private": "bnVsbA==",
          "dependencies": [
            "aws_s3_bucket.www-ourbeautifulboy-com"
          ]
        },
        {
          "index_key": "assets/images/399081-10200246062940435-1101622389-n-720x960.jpg",
          "schema_version": 0,
          "attributes": {
            "acl": "public-read",
            "bucket": "www.ourbeautifulboy.com",
            "bucket_key_enabled": false,
            "cache_control": "",
            "content": null,
            "content_base64": null,
            "content_disposition": "",
            "content_encoding": "",
            "content_language": "",
            "content_type": "image/jpeg",
            "etag": "9c7892c5cefebfe644aa1652dcb72808",
            "force_destroy": false,
            "id": "assets/images/399081-10200246062940435-1101622389-n-720x960.jpg",
            "key": "assets/images/399081-10200246062940435-1101622389-n-720x960.jpg",
            "kms_key_id": null,
            "metadata": {},
            "object_lock_legal_hold_status": "",
            "object_lock_mode": "",
            "object_lock_retain_until_date": "",
            "server_side_encryption": "AES256",
            "source": "./content/www.ourbeautifulboy.com//assets/images/399081-10200246062940435-1101622389-n-720x960.jpg",
            "source_hash": null,
            "storage_class": "STANDARD",
            "tags": {},
            "tags_all": {},
            "version_id": "",
            "website_redirect": ""
          },
          "sensitive_attributes": [],
          "private": "bnVsbA==",
          "dependencies": [
            "aws_s3_bucket.www-ourbeautifulboy-com"
          ]
        },
        {
          "index_key": "assets/images/408183-10200252373018183-1189977884-n-960x720.jpg",
          "schema_version": 0,
          "attributes": {
            "acl": "public-read",
            "bucket": "www.ourbeautifulboy.com",
            "bucket_key_enabled": false,
            "cache_control": "",
            "content": null,
            "content_base64": null,
            "content_disposition": "",
            "content_encoding": "",
            "content_language": "",
            "content_type": "image/jpeg",
            "etag": "a89df923af274c8981b4e02964395077",
            "force_destroy": false,
            "id": "assets/images/408183-10200252373018183-1189977884-n-960x720.jpg",
            "key": "assets/images/408183-10200252373018183-1189977884-n-960x720.jpg",
            "kms_key_id": null,
            "metadata": {},
            "object_lock_legal_hold_status": "",
            "object_lock_mode": "",
            "object_lock_retain_until_date": "",
            "server_side_encryption": "AES256",
            "source": "./content/www.ourbeautifulboy.com//assets/images/408183-10200252373018183-1189977884-n-960x720.jpg",
            "source_hash": null,
            "storage_class": "STANDARD",
            "tags": {},
            "tags_all": {},
            "version_id": "",
            "website_redirect": ""
          },
          "sensitive_attributes": [],
          "private": "bnVsbA==",
          "dependencies": [
            "aws_s3_bucket.www-ourbeautifulboy-com"
          ]
        },
        {
          "index_key": "assets/images/522428-10200738400408564-1085288174-n-720x960.jpg",
          "schema_version": 0,
          "attributes": {
            "acl": "public-read",
            "bucket": "www.ourbeautifulboy.com",
            "bucket_key_enabled": false,
            "cache_control": "",
            "content": null,
            "content_base64": null,
            "content_disposition": "",
            "content_encoding": "",
            "content_language": "",
            "content_type": "image/jpeg",
            "etag": "cc8286f1988d26241a50850748fcb565",
            "force_destroy": false,
            "id": "assets/images/522428-10200738400408564-1085288174-n-720x960.jpg",
            "key": "assets/images/522428-10200738400408564-1085288174-n-720x960.jpg",
            "kms_key_id": null,
            "metadata": {},
            "object_lock_legal_hold_status": "",
            "object_lock_mode": "",
            "object_lock_retain_until_date": "",
            "server_side_encryption": "AES256",
            "source": "./content/www.ourbeautifulboy.com//assets/images/522428-10200738400408564-1085288174-n-720x960.jpg",
            "source_hash": null,
            "storage_class": "STANDARD",
            "tags": {},
            "tags_all": {},
            "version_id": "",
            "website_redirect": ""
          },
          "sensitive_attributes": [],
          "private": "bnVsbA==",
          "dependencies": [
            "aws_s3_bucket.www-ourbeautifulboy-com"
          ]
        },
        {
          "index_key": "assets/images/526361-10151676336315749-598478544-n-612x612.jpg",
          "schema_version": 0,
          "attributes": {
            "acl": "public-read",
            "bucket": "www.ourbeautifulboy.com",
            "bucket_key_enabled": false,
            "cache_control": "",
            "content": null,
            "content_base64": null,
            "content_disposition": "",
            "content_encoding": "",
            "content_language": "",
            "content_type": "image/jpeg",
            "etag": "5fc856eaf2cae05fe11843dd04935df6",
            "force_destroy": false,
            "id": "assets/images/526361-10151676336315749-598478544-n-612x612.jpg",
            "key": "assets/images/526361-10151676336315749-598478544-n-612x612.jpg",
            "kms_key_id": null,
            "metadata": {},
            "object_lock_legal_hold_status": "",
            "object_lock_mode": "",
            "object_lock_retain_until_date": "",
            "server_side_encryption": "AES256",
            "source": "./content/www.ourbeautifulboy.com//assets/images/526361-10151676336315749-598478544-n-612x612.jpg",
            "source_hash": null,
            "storage_class": "STANDARD",
            "tags": {},
            "tags_all": {},
            "version_id": "",
            "website_redirect": ""
          },
          "sensitive_attributes": [],
          "private": "bnVsbA==",
          "dependencies": [
            "aws_s3_bucket.www-ourbeautifulboy-com"
          ]
        },
        {
          "index_key": "assets/images/532364-4969366438143-868141840-n-1-612x816.jpg",
          "schema_version": 0,
          "attributes": {
            "acl": "public-read",
            "bucket": "www.ourbeautifulboy.com",
            "bucket_key_enabled": false,
            "cache_control": "",
            "content": null,
            "content_base64": null,
            "content_disposition": "",
            "content_encoding": "",
            "content_language": "",
            "content_type": "image/jpeg",
            "etag": "d3c4d76383625e26680d06ff74ae075a",
            "force_destroy": false,
            "id": "assets/images/532364-4969366438143-868141840-n-1-612x816.jpg",
            "key": "assets/images/532364-4969366438143-868141840-n-1-612x816.jpg",
            "kms_key_id": null,
            "metadata": {},
            "object_lock_legal_hold_status": "",
            "object_lock_mode": "",
            "object_lock_retain_until_date": "",
            "server_side_encryption": "AES256",
            "source": "./content/www.ourbeautifulboy.com//assets/images/532364-4969366438143-868141840-n-1-612x816.jpg",
            "source_hash": null,
            "storage_class": "STANDARD",
            "tags": {},
            "tags_all": {},
            "version_id": "",
            "website_redirect": ""
          },
          "sensitive_attributes": [],
          "private": "bnVsbA==",
          "dependencies": [
            "aws_s3_bucket.www-ourbeautifulboy-com"
          ]
        },
        {
          "index_key": "assets/images/532416-4957405419125-719943110-n-960x720.jpg",
          "schema_version": 0,
          "attributes": {
            "acl": "public-read",
            "bucket": "www.ourbeautifulboy.com",
            "bucket_key_enabled": false,
            "cache_control": "",
            "content": null,
            "content_base64": null,
            "content_disposition": "",
            "content_encoding": "",
            "content_language": "",
            "content_type": "image/jpeg",
            "etag": "23d6fc575e762155d8f7e0faf2c5dcce",
            "force_destroy": false,
            "id": "assets/images/532416-4957405419125-719943110-n-960x720.jpg",
            "key": "assets/images/532416-4957405419125-719943110-n-960x720.jpg",
            "kms_key_id": null,
            "metadata": {},
            "object_lock_legal_hold_status": "",
            "object_lock_mode": "",
            "object_lock_retain_until_date": "",
            "server_side_encryption": "AES256",
            "source": "./content/www.ourbeautifulboy.com//assets/images/532416-4957405419125-719943110-n-960x720.jpg",
            "source_hash": null,
            "storage_class": "STANDARD",
            "tags": {},
            "tags_all": {},
            "version_id": "",
            "website_redirect": ""
          },
          "sensitive_attributes": [],
          "private": "bnVsbA==",
          "dependencies": [
            "aws_s3_bucket.www-ourbeautifulboy-com"
          ]
        },
        {
          "index_key": "assets/images/554127-10200798800038517-1974434617-n-960x720.jpg",
          "schema_version": 0,
          "attributes": {
            "acl": "public-read",
            "bucket": "www.ourbeautifulboy.com",
            "bucket_key_enabled": false,
            "cache_control": "",
            "content": null,
            "content_base64": null,
            "content_disposition": "",
            "content_encoding": "",
            "content_language": "",
            "content_type": "image/jpeg",
            "etag": "f73dcead10a56a6d7fab88dc396db619",
            "force_destroy": false,
            "id": "assets/images/554127-10200798800038517-1974434617-n-960x720.jpg",
            "key": "assets/images/554127-10200798800038517-1974434617-n-960x720.jpg",
            "kms_key_id": null,
            "metadata": {},
            "object_lock_legal_hold_status": "",
            "object_lock_mode": "",
            "object_lock_retain_until_date": "",
            "server_side_encryption": "AES256",
            "source": "./content/www.ourbeautifulboy.com//assets/images/554127-10200798800038517-1974434617-n-960x720.jpg",
            "source_hash": null,
            "storage_class": "STANDARD",
            "tags": {},
            "tags_all": {},
            "version_id": "",
            "website_redirect": ""
          },
          "sensitive_attributes": [],
          "private": "bnVsbA==",
          "dependencies": [
            "aws_s3_bucket.www-ourbeautifulboy-com"
          ]
        },
        {
          "index_key": "assets/images/557746-10151668073740749-2093360719-n-612x612.jpg",
          "schema_version": 0,
          "attributes": {
            "acl": "public-read",
            "bucket": "www.ourbeautifulboy.com",
            "bucket_key_enabled": false,
            "cache_control": "",
            "content": null,
            "content_base64": null,
            "content_disposition": "",
            "content_encoding": "",
            "content_language": "",
            "content_type": "image/jpeg",
            "etag": "830aca597e09005bc90866c780dd8e5c",
            "force_destroy": false,
            "id": "assets/images/557746-10151668073740749-2093360719-n-612x612.jpg",
            "key": "assets/images/557746-10151668073740749-2093360719-n-612x612.jpg",
            "kms_key_id": null,
            "metadata": {},
            "object_lock_legal_hold_status": "",
            "object_lock_mode": "",
            "object_lock_retain_until_date": "",
            "server_side_encryption": "AES256",
            "source": "./content/www.ourbeautifulboy.com//assets/images/557746-10151668073740749-2093360719-n-612x612.jpg",
            "source_hash": null,
            "storage_class": "STANDARD",
            "tags": {},
            "tags_all": {},
            "version_id": "",
            "website_redirect": ""
          },
          "sensitive_attributes": [],
          "private": "bnVsbA==",
          "dependencies": [
            "aws_s3_bucket.www-ourbeautifulboy-com"
          ]
        },
        {
          "index_key": "assets/images/601503-10201674239243950-381359952-n-960x720.jpg",
          "schema_version": 0,
          "attributes": {
            "acl": "public-read",
            "bucket": "www.ourbeautifulboy.com",
            "bucket_key_enabled": false,
            "cache_control": "",
            "content": null,
            "content_base64": null,
            "content_disposition": "",
            "content_encoding": "",
            "content_language": "",
            "content_type": "image/jpeg",
            "etag": "b0611805550780fb252e9356a88b2da0",
            "force_destroy": false,
            "id": "assets/images/601503-10201674239243950-381359952-n-960x720.jpg",
            "key": "assets/images/601503-10201674239243950-381359952-n-960x720.jpg",
            "kms_key_id": null,
            "metadata": {},
            "object_lock_legal_hold_status": "",
            "object_lock_mode": "",
            "object_lock_retain_until_date": "",
            "server_side_encryption": "AES256",
            "source": "./content/www.ourbeautifulboy.com//assets/images/601503-10201674239243950-381359952-n-960x720.jpg",
            "source_hash": null,
            "storage_class": "STANDARD",
            "tags": {},
            "tags_all": {},
            "version_id": "",
            "website_redirect": ""
          },
          "sensitive_attributes": [],
          "private": "bnVsbA==",
          "dependencies": [
            "aws_s3_bucket.www-ourbeautifulboy-com"
          ]
        },
        {
          "index_key": "assets/images/625483-10200776599923528-1562953217-n-960x720.jpg",
          "schema_version": 0,
          "attributes": {
            "acl": "public-read",
            "bucket": "www.ourbeautifulboy.com",
            "bucket_key_enabled": false,
            "cache_control": "",
            "content": null,
            "content_base64": null,
            "content_disposition": "",
            "content_encoding": "",
            "content_language": "",
            "content_type": "image/jpeg",
            "etag": "587f040d9f93ba90b7bbbde24b876867",
            "force_destroy": false,
            "id": "assets/images/625483-10200776599923528-1562953217-n-960x720.jpg",
            "key": "assets/images/625483-10200776599923528-1562953217-n-960x720.jpg",
            "kms_key_id": null,
            "metadata": {},
            "object_lock_legal_hold_status": "",
            "object_lock_mode": "",
            "object_lock_retain_until_date": "",
            "server_side_encryption": "AES256",
            "source": "./content/www.ourbeautifulboy.com//assets/images/625483-10200776599923528-1562953217-n-960x720.jpg",
            "source_hash": null,
            "storage_class": "STANDARD",
            "tags": {},
            "tags_all": {},
            "version_id": "",
            "website_redirect": ""
          },
          "sensitive_attributes": [],
          "private": "bnVsbA==",
          "dependencies": [
            "aws_s3_bucket.www-ourbeautifulboy-com"
          ]
        },
        {
          "index_key": "assets/images/64772-10200694054379941-1377114866-n-960x720.jpg",
          "schema_version": 0,
          "attributes": {
            "acl": "public-read",
            "bucket": "www.ourbeautifulboy.com",
            "bucket_key_enabled": false,
            "cache_control": "",
            "content": null,
            "content_base64": null,
            "content_disposition": "",
            "content_encoding": "",
            "content_language": "",
            "content_type": "image/jpeg",
            "etag": "c5a1502003b4f6fdd60afcd321597651",
            "force_destroy": false,
            "id": "assets/images/64772-10200694054379941-1377114866-n-960x720.jpg",
            "key": "assets/images/64772-10200694054379941-1377114866-n-960x720.jpg",
            "kms_key_id": null,
            "metadata": {},
            "object_lock_legal_hold_status": "",
            "object_lock_mode": "",
            "object_lock_retain_until_date": "",
            "server_side_encryption": "AES256",
            "source": "./content/www.ourbeautifulboy.com//assets/images/64772-10200694054379941-1377114866-n-960x720.jpg",
            "source_hash": null,
            "storage_class": "STANDARD",
            "tags": {},
            "tags_all": {},
            "version_id": "",
            "website_redirect": ""
          },
          "sensitive_attributes": [],
          "private": "bnVsbA==",
          "dependencies": [
            "aws_s3_bucket.www-ourbeautifulboy-com"
          ]
        },
        {
          "index_key": "assets/images/67953-10200265659030325-128469122-n-720x960.jpg",
          "schema_version": 0,
          "attributes": {
            "acl": "public-read",
            "bucket": "www.ourbeautifulboy.com",
            "bucket_key_enabled": false,
            "cache_control": "",
            "content": null,
            "content_base64": null,
            "content_disposition": "",
            "content_encoding": "",
            "content_language": "",
            "content_type": "image/jpeg",
            "etag": "d0fac3f2c84836b151e7fc016345e421",
            "force_destroy": false,
            "id": "assets/images/67953-10200265659030325-128469122-n-720x960.jpg",
            "key": "assets/images/67953-10200265659030325-128469122-n-720x960.jpg",
            "kms_key_id": null,
            "metadata": {},
            "object_lock_legal_hold_status": "",
            "object_lock_mode": "",
            "object_lock_retain_until_date": "",
            "server_side_encryption": "AES256",
            "source": "./content/www.ourbeautifulboy.com//assets/images/67953-10200265659030325-128469122-n-720x960.jpg",
            "source_hash": null,
            "storage_class": "STANDARD",
            "tags": {},
            "tags_all": {},
            "version_id": "",
            "website_redirect": ""
          },
          "sensitive_attributes": [],
          "private": "bnVsbA==",
          "dependencies": [
            "aws_s3_bucket.www-ourbeautifulboy-com"
          ]
        },
        {
          "index_key": "assets/images/68580-10200874739336952-1351190773-n-720x960.jpg",
          "schema_version": 0,
          "attributes": {
            "acl": "public-read",
            "bucket": "www.ourbeautifulboy.com",
            "bucket_key_enabled": false,
            "cache_control": "",
            "content": null,
            "content_base64": null,
            "content_disposition": "",
            "content_encoding": "",
            "content_language": "",
            "content_type": "image/jpeg",
            "etag": "a5aaf0279eb0f76e9fca399031bb23a7",
            "force_destroy": false,
            "id": "assets/images/68580-10200874739336952-1351190773-n-720x960.jpg",
            "key": "assets/images/68580-10200874739336952-1351190773-n-720x960.jpg",
            "kms_key_id": null,
            "metadata": {},
            "object_lock_legal_hold_status": "",
            "object_lock_mode": "",
            "object_lock_retain_until_date": "",
            "server_side_encryption": "AES256",
            "source": "./content/www.ourbeautifulboy.com//assets/images/68580-10200874739336952-1351190773-n-720x960.jpg",
            "source_hash": null,
            "storage_class": "STANDARD",
            "tags": {},
            "tags_all": {},
            "version_id": "",
            "website_redirect": ""
          },
          "sensitive_attributes": [],
          "private": "bnVsbA==",
          "dependencies": [
            "aws_s3_bucket.www-ourbeautifulboy-com"
          ]
        },
        {
          "index_key": "assets/images/69523-10151916169355749-1930488162-n-640x640.jpg",
          "schema_version": 0,
          "attributes": {
            "acl": "public-read",
            "bucket": "www.ourbeautifulboy.com",
            "bucket_key_enabled": false,
            "cache_control": "",
            "content": null,
            "content_base64": null,
            "content_disposition": "",
            "content_encoding": "",
            "content_language": "",
            "content_type": "image/jpeg",
            "etag": "8e8f43d33746edf8fb79ef6b4c67d0a0",
            "force_destroy": false,
            "id": "assets/images/69523-10151916169355749-1930488162-n-640x640.jpg",
            "key": "assets/images/69523-10151916169355749-1930488162-n-640x640.jpg",
            "kms_key_id": null,
            "metadata": {},
            "object_lock_legal_hold_status": "",
            "object_lock_mode": "",
            "object_lock_retain_until_date": "",
            "server_side_encryption": "AES256",
            "source": "./content/www.ourbeautifulboy.com//assets/images/69523-10151916169355749-1930488162-n-640x640.jpg",
            "source_hash": null,
            "storage_class": "STANDARD",
            "tags": {},
            "tags_all": {},
            "version_id": "",
            "website_redirect": ""
          },
          "sensitive_attributes": [],
          "private": "bnVsbA==",
          "dependencies": [
            "aws_s3_bucket.www-ourbeautifulboy-com"
          ]
        },
        {
          "index_key": "assets/images/76180-10200289361382869-223733737-n-960x720.jpg",
          "schema_version": 0,
          "attributes": {
            "acl": "public-read",
            "bucket": "www.ourbeautifulboy.com",
            "bucket_key_enabled": false,
            "cache_control": "",
            "content": null,
            "content_base64": null,
            "content_disposition": "",
            "content_encoding": "",
            "content_language": "",
            "content_type": "image/jpeg",
            "etag": "d392113391bb3b33026485c519309db2",
            "force_destroy": false,
            "id": "assets/images/76180-10200289361382869-223733737-n-960x720.jpg",
            "key": "assets/images/76180-10200289361382869-223733737-n-960x720.jpg",
            "kms_key_id": null,
            "metadata": {},
            "object_lock_legal_hold_status": "",
            "object_lock_mode": "",
            "object_lock_retain_until_date": "",
            "server_side_encryption": "AES256",
            "source": "./content/www.ourbeautifulboy.com//assets/images/76180-10200289361382869-223733737-n-960x720.jpg",
            "source_hash": null,
            "storage_class": "STANDARD",
            "tags": {},
            "tags_all": {},
            "version_id": "",
            "website_redirect": ""
          },
          "sensitive_attributes": [],
          "private": "bnVsbA==",
          "dependencies": [
            "aws_s3_bucket.www-ourbeautifulboy-com"
          ]
        },
        {
          "index_key": "assets/images/893537-10202004865749406-130051955-o-541x960.jpg",
          "schema_version": 0,
          "attributes": {
            "acl": "public-read",
            "bucket": "www.ourbeautifulboy.com",
            "bucket_key_enabled": false,
            "cache_control": "",
            "content": null,
            "content_base64": null,
            "content_disposition": "",
            "content_encoding": "",
            "content_language": "",
            "content_type": "image/jpeg",
            "etag": "9e1f89ddcf94b0800c4865cde8f3a74c",
            "force_destroy": false,
            "id": "assets/images/893537-10202004865749406-130051955-o-541x960.jpg",
            "key": "assets/images/893537-10202004865749406-130051955-o-541x960.jpg",
            "kms_key_id": null,
            "metadata": {},
            "object_lock_legal_hold_status": "",
            "object_lock_mode": "",
            "object_lock_retain_until_date": "",
            "server_side_encryption": "AES256",
            "source": "./content/www.ourbeautifulboy.com//assets/images/893537-10202004865749406-130051955-o-541x960.jpg",
            "source_hash": null,
            "storage_class": "STANDARD",
            "tags": {},
            "tags_all": {},
            "version_id": "",
            "website_redirect": ""
          },
          "sensitive_attributes": [],
          "private": "bnVsbA==",
          "dependencies": [
            "aws_s3_bucket.www-ourbeautifulboy-com"
          ]
        },
        {
          "index_key": "assets/images/9089-10151482143960749-1445767910-n-612x612.jpg",
          "schema_version": 0,
          "attributes": {
            "acl": "public-read",
            "bucket": "www.ourbeautifulboy.com",
            "bucket_key_enabled": false,
            "cache_control": "",
            "content": null,
            "content_base64": null,
            "content_disposition": "",
            "content_encoding": "",
            "content_language": "",
            "content_type": "image/jpeg",
            "etag": "acb74cff49e890dbfe0e014f19f21be1",
            "force_destroy": false,
            "id": "assets/images/9089-10151482143960749-1445767910-n-612x612.jpg",
            "key": "assets/images/9089-10151482143960749-1445767910-n-612x612.jpg",
            "kms_key_id": null,
            "metadata": {},
            "object_lock_legal_hold_status": "",
            "object_lock_mode": "",
            "object_lock_retain_until_date": "",
            "server_side_encryption": "AES256",
            "source": "./content/www.ourbeautifulboy.com//assets/images/9089-10151482143960749-1445767910-n-612x612.jpg",
            "source_hash": null,
            "storage_class": "STANDARD",
            "tags": {},
            "tags_all": {},
            "version_id": "",
            "website_redirect": ""
          },
          "sensitive_attributes": [],
          "private": "bnVsbA==",
          "dependencies": [
            "aws_s3_bucket.www-ourbeautifulboy-com"
          ]
        },
        {
          "index_key": "assets/images/969185-10201214002858328-2021238845-n-960x720.jpg",
          "schema_version": 0,
          "attributes": {
            "acl": "public-read",
            "bucket": "www.ourbeautifulboy.com",
            "bucket_key_enabled": false,
            "cache_control": "",
            "content": null,
            "content_base64": null,
            "content_disposition": "",
            "content_encoding": "",
            "content_language": "",
            "content_type": "image/jpeg",
            "etag": "357564877c12dd8860a84bd3b79830a7",
            "force_destroy": false,
            "id": "assets/images/969185-10201214002858328-2021238845-n-960x720.jpg",
            "key": "assets/images/969185-10201214002858328-2021238845-n-960x720.jpg",
            "kms_key_id": null,
            "metadata": {},
            "object_lock_legal_hold_status": "",
            "object_lock_mode": "",
            "object_lock_retain_until_date": "",
            "server_side_encryption": "AES256",
            "source": "./content/www.ourbeautifulboy.com//assets/images/969185-10201214002858328-2021238845-n-960x720.jpg",
            "source_hash": null,
            "storage_class": "STANDARD",
            "tags": {},
            "tags_all": {},
            "version_id": "",
            "website_redirect": ""
          },
          "sensitive_attributes": [],
          "private": "bnVsbA==",
          "dependencies": [
            "aws_s3_bucket.www-ourbeautifulboy-com"
          ]
        },
        {
          "index_key": "assets/images/972028-10201729113935783-1779009652-n-960x720.jpg",
          "schema_version": 0,
          "attributes": {
            "acl": "public-read",
            "bucket": "www.ourbeautifulboy.com",
            "bucket_key_enabled": false,
            "cache_control": "",
            "content": null,
            "content_base64": null,
            "content_disposition": "",
            "content_encoding": "",
            "content_language": "",
            "content_type": "image/jpeg",
            "etag": "256c61d7ee4c3259593903df3c43bf66",
            "force_destroy": false,
            "id": "assets/images/972028-10201729113935783-1779009652-n-960x720.jpg",
            "key": "assets/images/972028-10201729113935783-1779009652-n-960x720.jpg",
            "kms_key_id": null,
            "metadata": {},
            "object_lock_legal_hold_status": "",
            "object_lock_mode": "",
            "object_lock_retain_until_date": "",
            "server_side_encryption": "AES256",
            "source": "./content/www.ourbeautifulboy.com//assets/images/972028-10201729113935783-1779009652-n-960x720.jpg",
            "source_hash": null,
            "storage_class": "STANDARD",
            "tags": {},
            "tags_all": {},
            "version_id": "",
            "website_redirect": ""
          },
          "sensitive_attributes": [],
          "private": "bnVsbA==",
          "dependencies": [
            "aws_s3_bucket.www-ourbeautifulboy-com"
          ]
        },
        {
          "index_key": "assets/images/988455-10152106296015749-2392440528266060363-n-640x640.jpg",
          "schema_version": 0,
          "attributes": {
            "acl": "public-read",
            "bucket": "www.ourbeautifulboy.com",
            "bucket_key_enabled": false,
            "cache_control": "",
            "content": null,
            "content_base64": null,
            "content_disposition": "",
            "content_encoding": "",
            "content_language": "",
            "content_type": "image/jpeg",
            "etag": "c153125c1402d026ff3cf2fa0de72167",
            "force_destroy": false,
            "id": "assets/images/988455-10152106296015749-2392440528266060363-n-640x640.jpg",
            "key": "assets/images/988455-10152106296015749-2392440528266060363-n-640x640.jpg",
            "kms_key_id": null,
            "metadata": {},
            "object_lock_legal_hold_status": "",
            "object_lock_mode": "",
            "object_lock_retain_until_date": "",
            "server_side_encryption": "AES256",
            "source": "./content/www.ourbeautifulboy.com//assets/images/988455-10152106296015749-2392440528266060363-n-640x640.jpg",
            "source_hash": null,
            "storage_class": "STANDARD",
            "tags": {},
            "tags_all": {},
            "version_id": "",
            "website_redirect": ""
          },
          "sensitive_attributes": [],
          "private": "bnVsbA==",
          "dependencies": [
            "aws_s3_bucket.www-ourbeautifulboy-com"
          ]
        },
        {
          "index_key": "assets/images/994051-10151791006725749-594216898-n-640x640.jpg",
          "schema_version": 0,
          "attributes": {
            "acl": "public-read",
            "bucket": "www.ourbeautifulboy.com",
            "bucket_key_enabled": false,
            "cache_control": "",
            "content": null,
            "content_base64": null,
            "content_disposition": "",
            "content_encoding": "",
            "content_language": "",
            "content_type": "image/jpeg",
            "etag": "7814b91dd705399b332ecf25b2848eae",
            "force_destroy": false,
            "id": "assets/images/994051-10151791006725749-594216898-n-640x640.jpg",
            "key": "assets/images/994051-10151791006725749-594216898-n-640x640.jpg",
            "kms_key_id": null,
            "metadata": {},
            "object_lock_legal_hold_status": "",
            "object_lock_mode": "",
            "object_lock_retain_until_date": "",
            "server_side_encryption": "AES256",
            "source": "./content/www.ourbeautifulboy.com//assets/images/994051-10151791006725749-594216898-n-640x640.jpg",
            "source_hash": null,
            "storage_class": "STANDARD",
            "tags": {},
            "tags_all": {},
            "version_id": "",
            "website_redirect": ""
          },
          "sensitive_attributes": [],
          "private": "bnVsbA==",
          "dependencies": [
            "aws_s3_bucket.www-ourbeautifulboy-com"
          ]
        },
        {
          "index_key": "assets/images/998742-10201532578582522-293615460-n-960x720.jpg",
          "schema_version": 0,
          "attributes": {
            "acl": "public-read",
            "bucket": "www.ourbeautifulboy.com",
            "bucket_key_enabled": false,
            "cache_control": "",
            "content": null,
            "content_base64": null,
            "content_disposition": "",
            "content_encoding": "",
            "content_language": "",
            "content_type": "image/jpeg",
            "etag": "3f311f9e8fe97ef5b5c88b1e85b3510b",
            "force_destroy": false,
            "id": "assets/images/998742-10201532578582522-293615460-n-960x720.jpg",
            "key": "assets/images/998742-10201532578582522-293615460-n-960x720.jpg",
            "kms_key_id": null,
            "metadata": {},
            "object_lock_legal_hold_status": "",
            "object_lock_mode": "",
            "object_lock_retain_until_date": "",
            "server_side_encryption": "AES256",
            "source": "./content/www.ourbeautifulboy.com//assets/images/998742-10201532578582522-293615460-n-960x720.jpg",
            "source_hash": null,
            "storage_class": "STANDARD",
            "tags": {},
            "tags_all": {},
            "version_id": "",
            "website_redirect": ""
          },
          "sensitive_attributes": [],
          "private": "bnVsbA==",
          "dependencies": [
            "aws_s3_bucket.www-ourbeautifulboy-com"
          ]
        },
        {
          "index_key": "assets/images/hashes.json",
          "schema_version": 0,
          "attributes": {
            "acl": "public-read",
            "bucket": "www.ourbeautifulboy.com",
            "bucket_key_enabled": false,
            "cache_control": "",
            "content": null,
            "content_base64": null,
            "content_disposition": "",
            "content_encoding": "",
            "content_language": "",
            "content_type": "application/json",
            "etag": "ec77383bdc53c3cda8d3ed696f5c1e53",
            "force_destroy": false,
            "id": "assets/images/hashes.json",
            "key": "assets/images/hashes.json",
            "kms_key_id": null,
            "metadata": {},
            "object_lock_legal_hold_status": "",
            "object_lock_mode": "",
            "object_lock_retain_until_date": "",
            "server_side_encryption": "AES256",
            "source": "./content/www.ourbeautifulboy.com//assets/images/hashes.json",
            "source_hash": null,
            "storage_class": "STANDARD",
            "tags": {},
            "tags_all": {},
            "version_id": "",
            "website_redirect": ""
          },
          "sensitive_attributes": [],
          "private": "bnVsbA==",
          "dependencies": [
            "aws_s3_bucket.www-ourbeautifulboy-com"
          ]
        },
        {
          "index_key": "assets/images/img-20121215-105606-1-384x512.jpg",
          "schema_version": 0,
          "attributes": {
            "acl": "public-read",
            "bucket": "www.ourbeautifulboy.com",
            "bucket_key_enabled": false,
            "cache_control": "",
            "content": null,
            "content_base64": null,
            "content_disposition": "",
            "content_encoding": "",
            "content_language": "",
            "content_type": "image/jpeg",
            "etag": "0452cc7702be87a2d07f881509b542f4",
            "force_destroy": false,
            "id": "assets/images/img-20121215-105606-1-384x512.jpg",
            "key": "assets/images/img-20121215-105606-1-384x512.jpg",
            "kms_key_id": null,
            "metadata": {},
            "object_lock_legal_hold_status": "",
            "object_lock_mode": "",
            "object_lock_retain_until_date": "",
            "server_side_encryption": "AES256",
            "source": "./content/www.ourbeautifulboy.com//assets/images/img-20121215-105606-1-384x512.jpg",
            "source_hash": null,
            "storage_class": "STANDARD",
            "tags": {},
            "tags_all": {},
            "version_id": "",
            "website_redirect": ""
          },
          "sensitive_attributes": [],
          "private": "bnVsbA==",
          "dependencies": [
            "aws_s3_bucket.www-ourbeautifulboy-com"
          ]
        },
        {
          "index_key": "assets/images/img-20121223-151141-384x512.jpg",
          "schema_version": 0,
          "attributes": {
            "acl": "public-read",
            "bucket": "www.ourbeautifulboy.com",
            "bucket_key_enabled": false,
            "cache_control": "",
            "content": null,
            "content_base64": null,
            "content_disposition": "",
            "content_encoding": "",
            "content_language": "",
            "content_type": "image/jpeg",
            "etag": "b3b85911fbf1fe2cd09ebdda7507e3e7",
            "force_destroy": false,
            "id": "assets/images/img-20121223-151141-384x512.jpg",
            "key": "assets/images/img-20121223-151141-384x512.jpg",
            "kms_key_id": null,
            "metadata": {},
            "object_lock_legal_hold_status": "",
            "object_lock_mode": "",
            "object_lock_retain_until_date": "",
            "server_side_encryption": "AES256",
            "source": "./content/www.ourbeautifulboy.com//assets/images/img-20121223-151141-384x512.jpg",
            "source_hash": null,
            "storage_class": "STANDARD",
            "tags": {},
            "tags_all": {},
            "version_id": "",
            "website_redirect": ""
          },
          "sensitive_attributes": [],
          "private": "bnVsbA==",
          "dependencies": [
            "aws_s3_bucket.www-ourbeautifulboy-com"
          ]
        },
        {
          "index_key": "assets/images/img-20121223-3259-384x512.jpg",
          "schema_version": 0,
          "attributes": {
            "acl": "public-read",
            "bucket": "www.ourbeautifulboy.com",
            "bucket_key_enabled": false,
            "cache_control": "",
            "content": null,
            "content_base64": null,
            "content_disposition": "",
            "content_encoding": "",
            "content_language": "",
            "content_type": "image/jpeg",
            "etag": "f6679505c228d069290403b29cf5b050",
            "force_destroy": false,
            "id": "assets/images/img-20121223-3259-384x512.jpg",
            "key": "assets/images/img-20121223-3259-384x512.jpg",
            "kms_key_id": null,
            "metadata": {},
            "object_lock_legal_hold_status": "",
            "object_lock_mode": "",
            "object_lock_retain_until_date": "",
            "server_side_encryption": "AES256",
            "source": "./content/www.ourbeautifulboy.com//assets/images/img-20121223-3259-384x512.jpg",
            "source_hash": null,
            "storage_class": "STANDARD",
            "tags": {},
            "tags_all": {},
            "version_id": "",
            "website_redirect": ""
          },
          "sensitive_attributes": [],
          "private": "bnVsbA==",
          "dependencies": [
            "aws_s3_bucket.www-ourbeautifulboy-com"
          ]
        },
        {
          "index_key": "assets/images/img-20121225-194029-384x512.jpg",
          "schema_version": 0,
          "attributes": {
            "acl": "public-read",
            "bucket": "www.ourbeautifulboy.com",
            "bucket_key_enabled": false,
            "cache_control": "",
            "content": null,
            "content_base64": null,
            "content_disposition": "",
            "content_encoding": "",
            "content_language": "",
            "content_type": "image/jpeg",
            "etag": "8d6436220dc0e1e395388742d5e87b90",
            "force_destroy": false,
            "id": "assets/images/img-20121225-194029-384x512.jpg",
            "key": "assets/images/img-20121225-194029-384x512.jpg",
            "kms_key_id": null,
            "metadata": {},
            "object_lock_legal_hold_status": "",
            "object_lock_mode": "",
            "object_lock_retain_until_date": "",
            "server_side_encryption": "AES256",
            "source": "./content/www.ourbeautifulboy.com//assets/images/img-20121225-194029-384x512.jpg",
            "source_hash": null,
            "storage_class": "STANDARD",
            "tags": {},
            "tags_all": {},
            "version_id": "",
            "website_redirect": ""
          },
          "sensitive_attributes": [],
          "private": "bnVsbA==",
          "dependencies": [
            "aws_s3_bucket.www-ourbeautifulboy-com"
          ]
        },
        {
          "index_key": "assets/images/img-20130103-220116-640x480.jpg",
          "schema_version": 0,
          "attributes": {
            "acl": "public-read",
            "bucket": "www.ourbeautifulboy.com",
            "bucket_key_enabled": false,
            "cache_control": "",
            "content": null,
            "content_base64": null,
            "content_disposition": "",
            "content_encoding": "",
            "content_language": "",
            "content_type": "image/jpeg",
            "etag": "480cc7b5794ab724960a26a0e7ab314e",
            "force_destroy": false,
            "id": "assets/images/img-20130103-220116-640x480.jpg",
            "key": "assets/images/img-20130103-220116-640x480.jpg",
            "kms_key_id": null,
            "metadata": {},
            "object_lock_legal_hold_status": "",
            "object_lock_mode": "",
            "object_lock_retain_until_date": "",
            "server_side_encryption": "AES256",
            "source": "./content/www.ourbeautifulboy.com//assets/images/img-20130103-220116-640x480.jpg",
            "source_hash": null,
            "storage_class": "STANDARD",
            "tags": {},
            "tags_all": {},
            "version_id": "",
            "website_redirect": ""
          },
          "sensitive_attributes": [],
          "private": "bnVsbA==",
          "dependencies": [
            "aws_s3_bucket.www-ourbeautifulboy-com"
          ]
        },
        {
          "index_key": "assets/images/img-20130105-173224-384x512.jpg",
          "schema_version": 0,
          "attributes": {
            "acl": "public-read",
            "bucket": "www.ourbeautifulboy.com",
            "bucket_key_enabled": false,
            "cache_control": "",
            "content": null,
            "content_base64": null,
            "content_disposition": "",
            "content_encoding": "",
            "content_language": "",
            "content_type": "image/jpeg",
            "etag": "cbc44c90b521916147e06be53cf066e1",
            "force_destroy": false,
            "id": "assets/images/img-20130105-173224-384x512.jpg",
            "key": "assets/images/img-20130105-173224-384x512.jpg",
            "kms_key_id": null,
            "metadata": {},
            "object_lock_legal_hold_status": "",
            "object_lock_mode": "",
            "object_lock_retain_until_date": "",
            "server_side_encryption": "AES256",
            "source": "./content/www.ourbeautifulboy.com//assets/images/img-20130105-173224-384x512.jpg",
            "source_hash": null,
            "storage_class": "STANDARD",
            "tags": {},
            "tags_all": {},
            "version_id": "",
            "website_redirect": ""
          },
          "sensitive_attributes": [],
          "private": "bnVsbA==",
          "dependencies": [
            "aws_s3_bucket.www-ourbeautifulboy-com"
          ]
        },
        {
          "index_key": "assets/images/img-20130118-153721-384x512.jpg",
          "schema_version": 0,
          "attributes": {
            "acl": "public-read",
            "bucket": "www.ourbeautifulboy.com",
            "bucket_key_enabled": false,
            "cache_control": "",
            "content": null,
            "content_base64": null,
            "content_disposition": "",
            "content_encoding": "",
            "content_language": "",
            "content_type": "image/jpeg",
            "etag": "061a5c5d2c339b8d1f81a10d8d8f5950",
            "force_destroy": false,
            "id": "assets/images/img-20130118-153721-384x512.jpg",
            "key": "assets/images/img-20130118-153721-384x512.jpg",
            "kms_key_id": null,
            "metadata": {},
            "object_lock_legal_hold_status": "",
            "object_lock_mode": "",
            "object_lock_retain_until_date": "",
            "server_side_encryption": "AES256",
            "source": "./content/www.ourbeautifulboy.com//assets/images/img-20130118-153721-384x512.jpg",
            "source_hash": null,
            "storage_class": "STANDARD",
            "tags": {},
            "tags_all": {},
            "version_id": "",
            "website_redirect": ""
          },
          "sensitive_attributes": [],
          "private": "bnVsbA==",
          "dependencies": [
            "aws_s3_bucket.www-ourbeautifulboy-com"
          ]
        },
        {
          "index_key": "assets/images/img-20130120-102610-640x480.jpg",
          "schema_version": 0,
          "attributes": {
            "acl": "public-read",
            "bucket": "www.ourbeautifulboy.com",
            "bucket_key_enabled": false,
            "cache_control": "",
            "content": null,
            "content_base64": null,
            "content_disposition": "",
            "content_encoding": "",
            "content_language": "",
            "content_type": "image/jpeg",
            "etag": "19cf479ab912351d26d3708d4ce256d5",
            "force_destroy": false,
            "id": "assets/images/img-20130120-102610-640x480.jpg",
            "key": "assets/images/img-20130120-102610-640x480.jpg",
            "kms_key_id": null,
            "metadata": {},
            "object_lock_legal_hold_status": "",
            "object_lock_mode": "",
            "object_lock_retain_until_date": "",
            "server_side_encryption": "AES256",
            "source": "./content/www.ourbeautifulboy.com//assets/images/img-20130120-102610-640x480.jpg",
            "source_hash": null,
            "storage_class": "STANDARD",
            "tags": {},
            "tags_all": {},
            "version_id": "",
            "website_redirect": ""
          },
          "sensitive_attributes": [],
          "private": "bnVsbA==",
          "dependencies": [
            "aws_s3_bucket.www-ourbeautifulboy-com"
          ]
        },
        {
          "index_key": "assets/images/img-20130202-200957-384x512.jpg",
          "schema_version": 0,
          "attributes": {
            "acl": "public-read",
            "bucket": "www.ourbeautifulboy.com",
            "bucket_key_enabled": false,
            "cache_control": "",
            "content": null,
            "content_base64": null,
            "content_disposition": "",
            "content_encoding": "",
            "content_language": "",
            "content_type": "image/jpeg",
            "etag": "13bbe8051449db6684b0d485152df631",
            "force_destroy": false,
            "id": "assets/images/img-20130202-200957-384x512.jpg",
            "key": "assets/images/img-20130202-200957-384x512.jpg",
            "kms_key_id": null,
            "metadata": {},
            "object_lock_legal_hold_status": "",
            "object_lock_mode": "",
            "object_lock_retain_until_date": "",
            "server_side_encryption": "AES256",
            "source": "./content/www.ourbeautifulboy.com//assets/images/img-20130202-200957-384x512.jpg",
            "source_hash": null,
            "storage_class": "STANDARD",
            "tags": {},
            "tags_all": {},
            "version_id": "",
            "website_redirect": ""
          },
          "sensitive_attributes": [],
          "private": "bnVsbA==",
          "dependencies": [
            "aws_s3_bucket.www-ourbeautifulboy-com"
          ]
        },
        {
          "index_key": "assets/images/img-20130205-203134-1-384x512.jpg",
          "schema_version": 0,
          "attributes": {
            "acl": "public-read",
            "bucket": "www.ourbeautifulboy.com",
            "bucket_key_enabled": false,
            "cache_control": "",
            "content": null,
            "content_base64": null,
            "content_disposition": "",
            "content_encoding": "",
            "content_language": "",
            "content_type": "image/jpeg",
            "etag": "b2b99366a05f756e2e5ada07a5348a47",
            "force_destroy": false,
            "id": "assets/images/img-20130205-203134-1-384x512.jpg",
            "key": "assets/images/img-20130205-203134-1-384x512.jpg",
            "kms_key_id": null,
            "metadata": {},
            "object_lock_legal_hold_status": "",
            "object_lock_mode": "",
            "object_lock_retain_until_date": "",
            "server_side_encryption": "AES256",
            "source": "./content/www.ourbeautifulboy.com//assets/images/img-20130205-203134-1-384x512.jpg",
            "source_hash": null,
            "storage_class": "STANDARD",
            "tags": {},
            "tags_all": {},
            "version_id": "",
            "website_redirect": ""
          },
          "sensitive_attributes": [],
          "private": "bnVsbA==",
          "dependencies": [
            "aws_s3_bucket.www-ourbeautifulboy-com"
          ]
        },
        {
          "index_key": "assets/images/img-20130320-174023-341x512.jpg",
          "schema_version": 0,
          "attributes": {
            "acl": "public-read",
            "bucket": "www.ourbeautifulboy.com",
            "bucket_key_enabled": false,
            "cache_control": "",
            "content": null,
            "content_base64": null,
            "content_disposition": "",
            "content_encoding": "",
            "content_language": "",
            "content_type": "image/jpeg",
            "etag": "c6f77225105317cbfb1fcc1937ecf563",
            "force_destroy": false,
            "id": "assets/images/img-20130320-174023-341x512.jpg",
            "key": "assets/images/img-20130320-174023-341x512.jpg",
            "kms_key_id": null,
            "metadata": {},
            "object_lock_legal_hold_status": "",
            "object_lock_mode": "",
            "object_lock_retain_until_date": "",
            "server_side_encryption": "AES256",
            "source": "./content/www.ourbeautifulboy.com//assets/images/img-20130320-174023-341x512.jpg",
            "source_hash": null,
            "storage_class": "STANDARD",
            "tags": {},
            "tags_all": {},
            "version_id": "",
            "website_redirect": ""
          },
          "sensitive_attributes": [],
          "private": "bnVsbA==",
          "dependencies": [
            "aws_s3_bucket.www-ourbeautifulboy-com"
          ]
        },
        {
          "index_key": "assets/images/img-20130323-182334-341x512.jpg",
          "schema_version": 0,
          "attributes": {
            "acl": "public-read",
            "bucket": "www.ourbeautifulboy.com",
            "bucket_key_enabled": false,
            "cache_control": "",
            "content": null,
            "content_base64": null,
            "content_disposition": "",
            "content_encoding": "",
            "content_language": "",
            "content_type": "image/jpeg",
            "etag": "5937954cf1cf7f870b952a49932a0a20",
            "force_destroy": false,
            "id": "assets/images/img-20130323-182334-341x512.jpg",
            "key": "assets/images/img-20130323-182334-341x512.jpg",
            "kms_key_id": null,
            "metadata": {},
            "object_lock_legal_hold_status": "",
            "object_lock_mode": "",
            "object_lock_retain_until_date": "",
            "server_side_encryption": "AES256",
            "source": "./content/www.ourbeautifulboy.com//assets/images/img-20130323-182334-341x512.jpg",
            "source_hash": null,
            "storage_class": "STANDARD",
            "tags": {},
            "tags_all": {},
            "version_id": "",
            "website_redirect": ""
          },
          "sensitive_attributes": [],
          "private": "bnVsbA==",
          "dependencies": [
            "aws_s3_bucket.www-ourbeautifulboy-com"
          ]
        },
        {
          "index_key": "assets/images/img-20130323-182351-341x512.jpg",
          "schema_version": 0,
          "attributes": {
            "acl": "public-read",
            "bucket": "www.ourbeautifulboy.com",
            "bucket_key_enabled": false,
            "cache_control": "",
            "content": null,
            "content_base64": null,
            "content_disposition": "",
            "content_encoding": "",
            "content_language": "",
            "content_type": "image/jpeg",
            "etag": "1a07dbda1f68bdf7d2fe3abaae0c595a",
            "force_destroy": false,
            "id": "assets/images/img-20130323-182351-341x512.jpg",
            "key": "assets/images/img-20130323-182351-341x512.jpg",
            "kms_key_id": null,
            "metadata": {},
            "object_lock_legal_hold_status": "",
            "object_lock_mode": "",
            "object_lock_retain_until_date": "",
            "server_side_encryption": "AES256",
            "source": "./content/www.ourbeautifulboy.com//assets/images/img-20130323-182351-341x512.jpg",
            "source_hash": null,
            "storage_class": "STANDARD",
            "tags": {},
            "tags_all": {},
            "version_id": "",
            "website_redirect": ""
          },
          "sensitive_attributes": [],
          "private": "bnVsbA==",
          "dependencies": [
            "aws_s3_bucket.www-ourbeautifulboy-com"
          ]
        },
        {
          "index_key": "assets/images/img-20130323-182425-341x512.jpg",
          "schema_version": 0,
          "attributes": {
            "acl": "public-read",
            "bucket": "www.ourbeautifulboy.com",
            "bucket_key_enabled": false,
            "cache_control": "",
            "content": null,
            "content_base64": null,
            "content_disposition": "",
            "content_encoding": "",
            "content_language": "",
            "content_type": "image/jpeg",
            "etag": "1bc2dafa9de0e72602aceabd344d3367",
            "force_destroy": false,
            "id": "assets/images/img-20130323-182425-341x512.jpg",
            "key": "assets/images/img-20130323-182425-341x512.jpg",
            "kms_key_id": null,
            "metadata": {},
            "object_lock_legal_hold_status": "",
            "object_lock_mode": "",
            "object_lock_retain_until_date": "",
            "server_side_encryption": "AES256",
            "source": "./content/www.ourbeautifulboy.com//assets/images/img-20130323-182425-341x512.jpg",
            "source_hash": null,
            "storage_class": "STANDARD",
            "tags": {},
            "tags_all": {},
            "version_id": "",
            "website_redirect": ""
          },
          "sensitive_attributes": [],
          "private": "bnVsbA==",
          "dependencies": [
            "aws_s3_bucket.www-ourbeautifulboy-com"
          ]
        },
        {
          "index_key": "assets/images/img-20130323-182608-640x427.jpg",
          "schema_version": 0,
          "attributes": {
            "acl": "public-read",
            "bucket": "www.ourbeautifulboy.com",
            "bucket_key_enabled": false,
            "cache_control": "",
            "content": null,
            "content_base64": null,
            "content_disposition": "",
            "content_encoding": "",
            "content_language": "",
            "content_type": "image/jpeg",
            "etag": "604416571942f2183d22f1cdfd8d5a03",
            "force_destroy": false,
            "id": "assets/images/img-20130323-182608-640x427.jpg",
            "key": "assets/images/img-20130323-182608-640x427.jpg",
            "kms_key_id": null,
            "metadata": {},
            "object_lock_legal_hold_status": "",
            "object_lock_mode": "",
            "object_lock_retain_until_date": "",
            "server_side_encryption": "AES256",
            "source": "./content/www.ourbeautifulboy.com//assets/images/img-20130323-182608-640x427.jpg",
            "source_hash": null,
            "storage_class": "STANDARD",
            "tags": {},
            "tags_all": {},
            "version_id": "",
            "website_redirect": ""
          },
          "sensitive_attributes": [],
          "private": "bnVsbA==",
          "dependencies": [
            "aws_s3_bucket.www-ourbeautifulboy-com"
          ]
        },
        {
          "index_key": "assets/images/img-20130324-95027-341x512.jpg",
          "schema_version": 0,
          "attributes": {
            "acl": "public-read",
            "bucket": "www.ourbeautifulboy.com",
            "bucket_key_enabled": false,
            "cache_control": "",
            "content": null,
            "content_base64": null,
            "content_disposition": "",
            "content_encoding": "",
            "content_language": "",
            "content_type": "image/jpeg",
            "etag": "a3280bc82f3d96a53f6f002c5c5c754d",
            "force_destroy": false,
            "id": "assets/images/img-20130324-95027-341x512.jpg",
            "key": "assets/images/img-20130324-95027-341x512.jpg",
            "kms_key_id": null,
            "metadata": {},
            "object_lock_legal_hold_status": "",
            "object_lock_mode": "",
            "object_lock_retain_until_date": "",
            "server_side_encryption": "AES256",
            "source": "./content/www.ourbeautifulboy.com//assets/images/img-20130324-95027-341x512.jpg",
            "source_hash": null,
            "storage_class": "STANDARD",
            "tags": {},
            "tags_all": {},
            "version_id": "",
            "website_redirect": ""
          },
          "sensitive_attributes": [],
          "private": "bnVsbA==",
          "dependencies": [
            "aws_s3_bucket.www-ourbeautifulboy-com"
          ]
        },
        {
          "index_key": "assets/images/img-20130324-95048-341x512.jpg",
          "schema_version": 0,
          "attributes": {
            "acl": "public-read",
            "bucket": "www.ourbeautifulboy.com",
            "bucket_key_enabled": false,
            "cache_control": "",
            "content": null,
            "content_base64": null,
            "content_disposition": "",
            "content_encoding": "",
            "content_language": "",
            "content_type": "image/jpeg",
            "etag": "6af6700441da325c4b15450485535695",
            "force_destroy": false,
            "id": "assets/images/img-20130324-95048-341x512.jpg",
            "key": "assets/images/img-20130324-95048-341x512.jpg",
            "kms_key_id": null,
            "metadata": {},
            "object_lock_legal_hold_status": "",
            "object_lock_mode": "",
            "object_lock_retain_until_date": "",
            "server_side_encryption": "AES256",
            "source": "./content/www.ourbeautifulboy.com//assets/images/img-20130324-95048-341x512.jpg",
            "source_hash": null,
            "storage_class": "STANDARD",
            "tags": {},
            "tags_all": {},
            "version_id": "",
            "website_redirect": ""
          },
          "sensitive_attributes": [],
          "private": "bnVsbA==",
          "dependencies": [
            "aws_s3_bucket.www-ourbeautifulboy-com"
          ]
        },
        {
          "index_key": "assets/images/img-20150523-180433-384x512.jpg",
          "schema_version": 0,
          "attributes": {
            "acl": "public-read",
            "bucket": "www.ourbeautifulboy.com",
            "bucket_key_enabled": false,
            "cache_control": "",
            "content": null,
            "content_base64": null,
            "content_disposition": "",
            "content_encoding": "",
            "content_language": "",
            "content_type": "image/jpeg",
            "etag": "e39158d1cac187bcf76019c340b1688e",
            "force_destroy": false,
            "id": "assets/images/img-20150523-180433-384x512.jpg",
            "key": "assets/images/img-20150523-180433-384x512.jpg",
            "kms_key_id": null,
            "metadata": {},
            "object_lock_legal_hold_status": "",
            "object_lock_mode": "",
            "object_lock_retain_until_date": "",
            "server_side_encryption": "AES256",
            "source": "./content/www.ourbeautifulboy.com//assets/images/img-20150523-180433-384x512.jpg",
            "source_hash": null,
            "storage_class": "STANDARD",
            "tags": {},
            "tags_all": {},
            "version_id": "",
            "website_redirect": ""
          },
          "sensitive_attributes": [],
          "private": "bnVsbA==",
          "dependencies": [
            "aws_s3_bucket.www-ourbeautifulboy-com"
          ]
        },
        {
          "index_key": "assets/images/img-20150606-125229-384x512.jpg",
          "schema_version": 0,
          "attributes": {
            "acl": "public-read",
            "bucket": "www.ourbeautifulboy.com",
            "bucket_key_enabled": false,
            "cache_control": "",
            "content": null,
            "content_base64": null,
            "content_disposition": "",
            "content_encoding": "",
            "content_language": "",
            "content_type": "image/jpeg",
            "etag": "7cc41118f8bcf1f9d649af43f2380aef",
            "force_destroy": false,
            "id": "assets/images/img-20150606-125229-384x512.jpg",
            "key": "assets/images/img-20150606-125229-384x512.jpg",
            "kms_key_id": null,
            "metadata": {},
            "object_lock_legal_hold_status": "",
            "object_lock_mode": "",
            "object_lock_retain_until_date": "",
            "server_side_encryption": "AES256",
            "source": "./content/www.ourbeautifulboy.com//assets/images/img-20150606-125229-384x512.jpg",
            "source_hash": null,
            "storage_class": "STANDARD",
            "tags": {},
            "tags_all": {},
            "version_id": "",
            "website_redirect": ""
          },
          "sensitive_attributes": [],
          "private": "bnVsbA==",
          "dependencies": [
            "aws_s3_bucket.www-ourbeautifulboy-com"
          ]
        },
        {
          "index_key": "assets/images/img-20150613-115908-384x512.jpg",
          "schema_version": 0,
          "attributes": {
            "acl": "public-read",
            "bucket": "www.ourbeautifulboy.com",
            "bucket_key_enabled": false,
            "cache_control": "",
            "content": null,
            "content_base64": null,
            "content_disposition": "",
            "content_encoding": "",
            "content_language": "",
            "content_type": "image/jpeg",
            "etag": "14709dd6a0dbab643c5b27e92acc4496",
            "force_destroy": false,
            "id": "assets/images/img-20150613-115908-384x512.jpg",
            "key": "assets/images/img-20150613-115908-384x512.jpg",
            "kms_key_id": null,
            "metadata": {},
            "object_lock_legal_hold_status": "",
            "object_lock_mode": "",
            "object_lock_retain_until_date": "",
            "server_side_encryption": "AES256",
            "source": "./content/www.ourbeautifulboy.com//assets/images/img-20150613-115908-384x512.jpg",
            "source_hash": null,
            "storage_class": "STANDARD",
            "tags": {},
            "tags_all": {},
            "version_id": "",
            "website_redirect": ""
          },
          "sensitive_attributes": [],
          "private": "bnVsbA==",
          "dependencies": [
            "aws_s3_bucket.www-ourbeautifulboy-com"
          ]
        },
        {
          "index_key": "assets/images/img-20150613-120030-384x512.jpg",
          "schema_version": 0,
          "attributes": {
            "acl": "public-read",
            "bucket": "www.ourbeautifulboy.com",
            "bucket_key_enabled": false,
            "cache_control": "",
            "content": null,
            "content_base64": null,
            "content_disposition": "",
            "content_encoding": "",
            "content_language": "",
            "content_type": "image/jpeg",
            "etag": "138bb0e2e9b3e67537779ba2a46d8132",
            "force_destroy": false,
            "id": "assets/images/img-20150613-120030-384x512.jpg",
            "key": "assets/images/img-20150613-120030-384x512.jpg",
            "kms_key_id": null,
            "metadata": {},
            "object_lock_legal_hold_status": "",
            "object_lock_mode": "",
            "object_lock_retain_until_date": "",
            "server_side_encryption": "AES256",
            "source": "./content/www.ourbeautifulboy.com//assets/images/img-20150613-120030-384x512.jpg",
            "source_hash": null,
            "storage_class": "STANDARD",
            "tags": {},
            "tags_all": {},
            "version_id": "",
            "website_redirect": ""
          },
          "sensitive_attributes": [],
          "private": "bnVsbA==",
          "dependencies": [
            "aws_s3_bucket.www-ourbeautifulboy-com"
          ]
        },
        {
          "index_key": "assets/images/img-20150620-102420-384x512.jpg",
          "schema_version": 0,
          "attributes": {
            "acl": "public-read",
            "bucket": "www.ourbeautifulboy.com",
            "bucket_key_enabled": false,
            "cache_control": "",
            "content": null,
            "content_base64": null,
            "content_disposition": "",
            "content_encoding": "",
            "content_language": "",
            "content_type": "image/jpeg",
            "etag": "397a9739061d07a7de1185b0d841ea59",
            "force_destroy": false,
            "id": "assets/images/img-20150620-102420-384x512.jpg",
            "key": "assets/images/img-20150620-102420-384x512.jpg",
            "kms_key_id": null,
            "metadata": {},
            "object_lock_legal_hold_status": "",
            "object_lock_mode": "",
            "object_lock_retain_until_date": "",
            "server_side_encryption": "AES256",
            "source": "./content/www.ourbeautifulboy.com//assets/images/img-20150620-102420-384x512.jpg",
            "source_hash": null,
            "storage_class": "STANDARD",
            "tags": {},
            "tags_all": {},
            "version_id": "",
            "website_redirect": ""
          },
          "sensitive_attributes": [],
          "private": "bnVsbA==",
          "dependencies": [
            "aws_s3_bucket.www-ourbeautifulboy-com"
          ]
        },
        {
          "index_key": "assets/images/teamjoey-240x240.jpg",
          "schema_version": 0,
          "attributes": {
            "acl": "public-read",
            "bucket": "www.ourbeautifulboy.com",
            "bucket_key_enabled": false,
            "cache_control": "",
            "content": null,
            "content_base64": null,
            "content_disposition": "",
            "content_encoding": "",
            "content_language": "",
            "content_type": "image/jpeg",
            "etag": "8e0b8dcaa8e29e5907aa18dbf0c20886",
            "force_destroy": false,
            "id": "assets/images/teamjoey-240x240.jpg",
            "key": "assets/images/teamjoey-240x240.jpg",
            "kms_key_id": null,
            "metadata": {},
            "object_lock_legal_hold_status": "",
            "object_lock_mode": "",
            "object_lock_retain_until_date": "",
            "server_side_encryption": "AES256",
            "source": "./content/www.ourbeautifulboy.com//assets/images/teamjoey-240x240.jpg",
            "source_hash": null,
            "storage_class": "STANDARD",
            "tags": {},
            "tags_all": {},
            "version_id": "",
            "website_redirect": ""
          },
          "sensitive_attributes": [],
          "private": "bnVsbA==",
          "dependencies": [
            "aws_s3_bucket.www-ourbeautifulboy-com"
          ]
        },
        {
          "index_key": "index.html",
          "schema_version": 0,
          "attributes": {
            "acl": "public-read",
            "bucket": "www.ourbeautifulboy.com",
            "bucket_key_enabled": false,
            "cache_control": "",
            "content": null,
            "content_base64": null,
            "content_disposition": "",
            "content_encoding": "",
            "content_language": "",
            "content_type": "text/html; charset=utf-8",
            "etag": "29c2fdf928647c6060d50fcef68d432e",
            "force_destroy": false,
            "id": "index.html",
            "key": "index.html",
            "kms_key_id": null,
            "metadata": {},
            "object_lock_legal_hold_status": "",
            "object_lock_mode": "",
            "object_lock_retain_until_date": "",
            "server_side_encryption": "AES256",
            "source": "./content/www.ourbeautifulboy.com//index.html",
            "source_hash": null,
            "storage_class": "STANDARD",
            "tags": {},
            "tags_all": {},
            "version_id": "",
            "website_redirect": ""
          },
          "sensitive_attributes": [],
          "private": "bnVsbA==",
          "dependencies": [
            "aws_s3_bucket.www-ourbeautifulboy-com"
          ]
        },
        {
          "index_key": "page13.html",
          "schema_version": 0,
          "attributes": {
            "acl": "public-read",
            "bucket": "www.ourbeautifulboy.com",
            "bucket_key_enabled": false,
            "cache_control": "",
            "content": null,
            "content_base64": null,
            "content_disposition": "",
            "content_encoding": "",
            "content_language": "",
            "content_type": "text/html; charset=utf-8",
            "etag": "922fd98c2aad374a6598a25673c51e09",
            "force_destroy": false,
            "id": "page13.html",
            "key": "page13.html",
            "kms_key_id": null,
            "metadata": {},
            "object_lock_legal_hold_status": "",
            "object_lock_mode": "",
            "object_lock_retain_until_date": "",
            "server_side_encryption": "AES256",
            "source": "./content/www.ourbeautifulboy.com//page13.html",
            "source_hash": null,
            "storage_class": "STANDARD",
            "tags": {},
            "tags_all": {},
            "version_id": "",
            "website_redirect": ""
          },
          "sensitive_attributes": [],
          "private": "bnVsbA==",
          "dependencies": [
            "aws_s3_bucket.www-ourbeautifulboy-com"
          ]
        }
      ]
    }
  ],
  "check_results": null
}
